// !$*UTF8*$!
{
	archiveVersion = 1;
	classes = {
	};
	objectVersion = 51;
	objects = {

/* Begin PBXBuildFile section */
		2A00C1D92479C83F0002B5C1 /* Pomodoro.swift in Sources */ = {isa = PBXBuildFile; fileRef = 2A00C1D82479C83F0002B5C1 /* Pomodoro.swift */; };
		2A02EAC7259A811A008A34A1 /* SignUpViewController.swift in Sources */ = {isa = PBXBuildFile; fileRef = 2A02EAC6259A811A008A34A1 /* SignUpViewController.swift */; };
		2A068F1225A33CC6005EBAB6 /* MenuVideo.mp4 in Resources */ = {isa = PBXBuildFile; fileRef = 2A068F1125A33CC6005EBAB6 /* MenuVideo.mp4 */; };
		2A06F26925DB25F30058109F /* QuestionFormViewController.swift in Sources */ = {isa = PBXBuildFile; fileRef = 2A06F26825DB25F30058109F /* QuestionFormViewController.swift */; };
		2A06F2A325DB2CD40058109F /* attatchmentCollectionViewCell.swift in Sources */ = {isa = PBXBuildFile; fileRef = 2A06F2A125DB2CD40058109F /* attatchmentCollectionViewCell.swift */; };
		2A06F2A425DB2CD40058109F /* attatchmentCollectionViewCell.xib in Resources */ = {isa = PBXBuildFile; fileRef = 2A06F2A225DB2CD40058109F /* attatchmentCollectionViewCell.xib */; };
		2A06F2A725DB38C90058109F /* Attatchment.swift in Sources */ = {isa = PBXBuildFile; fileRef = 2A06F2A625DB38C90058109F /* Attatchment.swift */; };
		2A105A2925C8C15D00271C1C /* GradeEntryViewController.swift in Sources */ = {isa = PBXBuildFile; fileRef = 2A105A2825C8C15D00271C1C /* GradeEntryViewController.swift */; };
		2A15119A259E583400FD0081 /* IntroViewController.swift in Sources */ = {isa = PBXBuildFile; fileRef = 2A151199259E583400FD0081 /* IntroViewController.swift */; };
		2A1511A2259E636800FD0081 /* BasicIntroViewController.swift in Sources */ = {isa = PBXBuildFile; fileRef = 2A1511A0259E636800FD0081 /* BasicIntroViewController.swift */; };
		2A1511A3259E636800FD0081 /* BasicIntroViewController.xib in Resources */ = {isa = PBXBuildFile; fileRef = 2A1511A1259E636800FD0081 /* BasicIntroViewController.xib */; };
		2A18BF5425085DBC00F36C1B /* User.swift in Sources */ = {isa = PBXBuildFile; fileRef = 2A18BF5325085DBC00F36C1B /* User.swift */; };
		2A18BF5725085DD200F36C1B /* NotificationController.swift in Sources */ = {isa = PBXBuildFile; fileRef = 2A18BF5525085DD200F36C1B /* NotificationController.swift */; };
		2A18BF5825085DD200F36C1B /* TimerViewController.swift in Sources */ = {isa = PBXBuildFile; fileRef = 2A18BF5625085DD200F36C1B /* TimerViewController.swift */; };
		2A18BF5F25085F2900F36C1B /* AdManager.swift in Sources */ = {isa = PBXBuildFile; fileRef = 2A18BF5E25085F2900F36C1B /* AdManager.swift */; };
		2A287202266ADD690083FCCD /* QuestionPageViewController.swift in Sources */ = {isa = PBXBuildFile; fileRef = 2A287201266ADD690083FCCD /* QuestionPageViewController.swift */; };
		2A327F73266024E200246A85 /* AnswerViewController.swift in Sources */ = {isa = PBXBuildFile; fileRef = 2A327F72266024E200246A85 /* AnswerViewController.swift */; };
		2A3326AD2692522600A8DA25 /* AirbnbCerealExtraBold.ttf in Resources */ = {isa = PBXBuildFile; fileRef = 2A3326A72692522600A8DA25 /* AirbnbCerealExtraBold.ttf */; };
		2A3326AE2692522600A8DA25 /* AirbnbCerealLight.ttf in Resources */ = {isa = PBXBuildFile; fileRef = 2A3326A82692522600A8DA25 /* AirbnbCerealLight.ttf */; };
		2A3326AF2692522600A8DA25 /* AirbnbCerealMedium.ttf in Resources */ = {isa = PBXBuildFile; fileRef = 2A3326A92692522600A8DA25 /* AirbnbCerealMedium.ttf */; };
		2A3326B02692522600A8DA25 /* AirbnbCerealBold.ttf in Resources */ = {isa = PBXBuildFile; fileRef = 2A3326AA2692522600A8DA25 /* AirbnbCerealBold.ttf */; };
		2A3326B12692522600A8DA25 /* AirbnbCerealBlack.ttf in Resources */ = {isa = PBXBuildFile; fileRef = 2A3326AB2692522600A8DA25 /* AirbnbCerealBlack.ttf */; };
		2A3326B22692522600A8DA25 /* AirbnbCerealBook.ttf in Resources */ = {isa = PBXBuildFile; fileRef = 2A3326AC2692522600A8DA25 /* AirbnbCerealBook.ttf */; };
		2A3B03D42684EC890059756A /* RegisterRequestView.swift in Sources */ = {isa = PBXBuildFile; fileRef = 2A3B03D22684EC890059756A /* RegisterRequestView.swift */; };
		2A3B03D52684EC890059756A /* RegisterRequestView.xib in Resources */ = {isa = PBXBuildFile; fileRef = 2A3B03D32684EC890059756A /* RegisterRequestView.xib */; };
		2A4440ED25DC8EF80016D99D /* Question.swift in Sources */ = {isa = PBXBuildFile; fileRef = 2A4440EC25DC8EF80016D99D /* Question.swift */; };
		2A4440F025DC9A1D0016D99D /* UITextView Extension.swift in Sources */ = {isa = PBXBuildFile; fileRef = 2A4440EF25DC9A1D0016D99D /* UITextView Extension.swift */; };
		2A539FD925964E9800BB608C /* UserViewController.swift in Sources */ = {isa = PBXBuildFile; fileRef = 2A539FD825964E9800BB608C /* UserViewController.swift */; };
		2A5F51D025C6428600016E76 /* PageViewController.swift in Sources */ = {isa = PBXBuildFile; fileRef = 2A5F51CF25C6428600016E76 /* PageViewController.swift */; };
		2A64186F26615776005FF878 /* Answer.swift in Sources */ = {isa = PBXBuildFile; fileRef = 2A64186E26615776005FF878 /* Answer.swift */; };
		2A64187426616CDA005FF878 /* AnswerCell.swift in Sources */ = {isa = PBXBuildFile; fileRef = 2A64187226616CDA005FF878 /* AnswerCell.swift */; };
		2A64187526616CDA005FF878 /* AnswerCell.xib in Resources */ = {isa = PBXBuildFile; fileRef = 2A64187326616CDA005FF878 /* AnswerCell.xib */; };
		2A6431692679884A0002CDA8 /* AlertViewController.swift in Sources */ = {isa = PBXBuildFile; fileRef = 2A6431672679884A0002CDA8 /* AlertViewController.swift */; };
		2A64316A2679884A0002CDA8 /* AlertViewController.xib in Resources */ = {isa = PBXBuildFile; fileRef = 2A6431682679884A0002CDA8 /* AlertViewController.xib */; };
		2A65A3BA247461C7008090EC /* SceneDelegate.swift in Sources */ = {isa = PBXBuildFile; fileRef = 2A65A3B9247461C7008090EC /* SceneDelegate.swift */; };
		2A664467265EF21D003DF2A3 /* PublicSans-ExtraLight.ttf in Resources */ = {isa = PBXBuildFile; fileRef = 2A664454265EF1FF003DF2A3 /* PublicSans-ExtraLight.ttf */; };
		2A664468265EF21D003DF2A3 /* PublicSans-Medium.ttf in Resources */ = {isa = PBXBuildFile; fileRef = 2A664455265EF200003DF2A3 /* PublicSans-Medium.ttf */; };
		2A664469265EF21D003DF2A3 /* PublicSans-SemiBoldItalic.ttf in Resources */ = {isa = PBXBuildFile; fileRef = 2A664456265EF202003DF2A3 /* PublicSans-SemiBoldItalic.ttf */; };
		2A66446A265EF21D003DF2A3 /* PublicSans-Thin.ttf in Resources */ = {isa = PBXBuildFile; fileRef = 2A664457265EF204003DF2A3 /* PublicSans-Thin.ttf */; };
		2A66446B265EF21D003DF2A3 /* PublicSans-ExtraBold.ttf in Resources */ = {isa = PBXBuildFile; fileRef = 2A664458265EF205003DF2A3 /* PublicSans-ExtraBold.ttf */; };
		2A66446C265EF21D003DF2A3 /* PublicSans-Light.ttf in Resources */ = {isa = PBXBuildFile; fileRef = 2A664459265EF207003DF2A3 /* PublicSans-Light.ttf */; };
		2A66446D265EF21D003DF2A3 /* PublicSans-Italic.ttf in Resources */ = {isa = PBXBuildFile; fileRef = 2A66445A265EF208003DF2A3 /* PublicSans-Italic.ttf */; };
		2A66446E265EF21D003DF2A3 /* PublicSans-BoldItalic.ttf in Resources */ = {isa = PBXBuildFile; fileRef = 2A66445B265EF20A003DF2A3 /* PublicSans-BoldItalic.ttf */; };
		2A66446F265EF21D003DF2A3 /* PublicSans-BlackItalic.ttf in Resources */ = {isa = PBXBuildFile; fileRef = 2A66445C265EF20C003DF2A3 /* PublicSans-BlackItalic.ttf */; };
		2A664470265EF21D003DF2A3 /* PublicSans-ThinItalic.ttf in Resources */ = {isa = PBXBuildFile; fileRef = 2A66445E265EF20F003DF2A3 /* PublicSans-ThinItalic.ttf */; };
		2A664471265EF21D003DF2A3 /* PublicSans-Black.ttf in Resources */ = {isa = PBXBuildFile; fileRef = 2A66445F265EF211003DF2A3 /* PublicSans-Black.ttf */; };
		2A664472265EF21D003DF2A3 /* PublicSans-SemiBold.ttf in Resources */ = {isa = PBXBuildFile; fileRef = 2A664460265EF212003DF2A3 /* PublicSans-SemiBold.ttf */; };
		2A664473265EF21D003DF2A3 /* PublicSans-ExtraBoldItalic.ttf in Resources */ = {isa = PBXBuildFile; fileRef = 2A664461265EF215003DF2A3 /* PublicSans-ExtraBoldItalic.ttf */; };
		2A664474265EF21D003DF2A3 /* PublicSans-ExtraLightItalic.ttf in Resources */ = {isa = PBXBuildFile; fileRef = 2A664462265EF217003DF2A3 /* PublicSans-ExtraLightItalic.ttf */; };
		2A664475265EF21D003DF2A3 /* PublicSans-Regular.ttf in Resources */ = {isa = PBXBuildFile; fileRef = 2A664463265EF218003DF2A3 /* PublicSans-Regular.ttf */; };
		2A664476265EF21D003DF2A3 /* PublicSans-Bold.ttf in Resources */ = {isa = PBXBuildFile; fileRef = 2A664464265EF21A003DF2A3 /* PublicSans-Bold.ttf */; };
		2A664477265EF21D003DF2A3 /* PublicSans-MediumItalic.ttf in Resources */ = {isa = PBXBuildFile; fileRef = 2A664465265EF21C003DF2A3 /* PublicSans-MediumItalic.ttf */; };
		2A664478265EF21D003DF2A3 /* PublicSans-LightItalic.ttf in Resources */ = {isa = PBXBuildFile; fileRef = 2A664466265EF21D003DF2A3 /* PublicSans-LightItalic.ttf */; };
		2A66448B265EF23B003DF2A3 /* WorkSans-Regular.ttf in Resources */ = {isa = PBXBuildFile; fileRef = 2A664479265EF221003DF2A3 /* WorkSans-Regular.ttf */; };
		2A66448C265EF23B003DF2A3 /* WorkSans-Medium.ttf in Resources */ = {isa = PBXBuildFile; fileRef = 2A66447A265EF223003DF2A3 /* WorkSans-Medium.ttf */; };
		2A66448D265EF23B003DF2A3 /* WorkSans-ExtraBoldItalic.ttf in Resources */ = {isa = PBXBuildFile; fileRef = 2A66447B265EF225003DF2A3 /* WorkSans-ExtraBoldItalic.ttf */; };
		2A66448E265EF23B003DF2A3 /* WorkSans-Black.ttf in Resources */ = {isa = PBXBuildFile; fileRef = 2A66447C265EF226003DF2A3 /* WorkSans-Black.ttf */; };
		2A66448F265EF23B003DF2A3 /* WorkSans-BoldItalic.ttf in Resources */ = {isa = PBXBuildFile; fileRef = 2A66447D265EF228003DF2A3 /* WorkSans-BoldItalic.ttf */; };
		2A664490265EF23B003DF2A3 /* WorkSans-ExtraLightItalic.ttf in Resources */ = {isa = PBXBuildFile; fileRef = 2A66447E265EF229003DF2A3 /* WorkSans-ExtraLightItalic.ttf */; };
		2A664491265EF23B003DF2A3 /* WorkSans-ExtraLight.ttf in Resources */ = {isa = PBXBuildFile; fileRef = 2A66447F265EF22B003DF2A3 /* WorkSans-ExtraLight.ttf */; };
		2A664492265EF23B003DF2A3 /* WorkSans-Light.ttf in Resources */ = {isa = PBXBuildFile; fileRef = 2A664480265EF22C003DF2A3 /* WorkSans-Light.ttf */; };
		2A664493265EF23B003DF2A3 /* WorkSans-Bold.ttf in Resources */ = {isa = PBXBuildFile; fileRef = 2A664481265EF22E003DF2A3 /* WorkSans-Bold.ttf */; };
		2A664494265EF23B003DF2A3 /* WorkSans-SemiBold.ttf in Resources */ = {isa = PBXBuildFile; fileRef = 2A664482265EF22F003DF2A3 /* WorkSans-SemiBold.ttf */; };
		2A664495265EF23B003DF2A3 /* WorkSans-ExtraBold.ttf in Resources */ = {isa = PBXBuildFile; fileRef = 2A664483265EF231003DF2A3 /* WorkSans-ExtraBold.ttf */; };
		2A664496265EF23B003DF2A3 /* WorkSans-MediumItalic.ttf in Resources */ = {isa = PBXBuildFile; fileRef = 2A664484265EF232003DF2A3 /* WorkSans-MediumItalic.ttf */; };
		2A664497265EF23B003DF2A3 /* WorkSans-Thin.ttf in Resources */ = {isa = PBXBuildFile; fileRef = 2A664485265EF234003DF2A3 /* WorkSans-Thin.ttf */; };
		2A664498265EF23B003DF2A3 /* WorkSans-LightItalic.ttf in Resources */ = {isa = PBXBuildFile; fileRef = 2A664486265EF235003DF2A3 /* WorkSans-LightItalic.ttf */; };
		2A664499265EF23B003DF2A3 /* WorkSans-ThinItalic.ttf in Resources */ = {isa = PBXBuildFile; fileRef = 2A664487265EF237003DF2A3 /* WorkSans-ThinItalic.ttf */; };
		2A66449A265EF23B003DF2A3 /* WorkSans-Italic.ttf in Resources */ = {isa = PBXBuildFile; fileRef = 2A664488265EF238003DF2A3 /* WorkSans-Italic.ttf */; };
		2A66449B265EF23B003DF2A3 /* WorkSans-BlackItalic.ttf in Resources */ = {isa = PBXBuildFile; fileRef = 2A664489265EF23A003DF2A3 /* WorkSans-BlackItalic.ttf */; };
		2A66449C265EF23B003DF2A3 /* WorkSans-SemiBoldItalic.ttf in Resources */ = {isa = PBXBuildFile; fileRef = 2A66448A265EF23B003DF2A3 /* WorkSans-SemiBoldItalic.ttf */; };
		2A712C49267920370062EC5F /* logoAnimationView.xib in Resources */ = {isa = PBXBuildFile; fileRef = 2A712C48267920370062EC5F /* logoAnimationView.xib */; };
		2A712C4B2679238D0062EC5F /* logoAnimationView.swift in Sources */ = {isa = PBXBuildFile; fileRef = 2A712C4A2679238D0062EC5F /* logoAnimationView.swift */; };
		2A712C6F267985B80062EC5F /* AlertPresentationController.swift in Sources */ = {isa = PBXBuildFile; fileRef = 2A712C6E267985B80062EC5F /* AlertPresentationController.swift */; };
		2A71A3CF259FECBF0003975C /* SplashViewController.swift in Sources */ = {isa = PBXBuildFile; fileRef = 2A71A3CE259FECBF0003975C /* SplashViewController.swift */; };
		2A71C0BF269F715800237FF6 /* categoryCell.swift in Sources */ = {isa = PBXBuildFile; fileRef = 2A71C0BD269F715800237FF6 /* categoryCell.swift */; };
		2A71C0C0269F715800237FF6 /* categoryCell.xib in Resources */ = {isa = PBXBuildFile; fileRef = 2A71C0BE269F715800237FF6 /* categoryCell.xib */; };
		2A75C804265AC93700D80E8E /* UserQuestionViewController.swift in Sources */ = {isa = PBXBuildFile; fileRef = 2A75C803265AC93700D80E8E /* UserQuestionViewController.swift */; };
		2A81795C259519F90076EAC0 /* ExampleBouncesContentView.swift in Sources */ = {isa = PBXBuildFile; fileRef = 2A81795B259519F90076EAC0 /* ExampleBouncesContentView.swift */; };
		2A81796025951ADB0076EAC0 /* ExampleBasicContentView.swift in Sources */ = {isa = PBXBuildFile; fileRef = 2A81795F25951ADB0076EAC0 /* ExampleBasicContentView.swift */; };
		2A8DE6AA25BB9502003D1393 /* DatabaseManager.swift in Sources */ = {isa = PBXBuildFile; fileRef = 2A8DE6A925BB9502003D1393 /* DatabaseManager.swift */; };
		2A8DE6B125BBBF41003D1393 /* UsernameEntryViewController.swift in Sources */ = {isa = PBXBuildFile; fileRef = 2A8DE6B025BBBF41003D1393 /* UsernameEntryViewController.swift */; };
		2A8DE6FB25BD2B90003D1393 /* UIView Extensions.swift in Sources */ = {isa = PBXBuildFile; fileRef = 2A8DE6FA25BD2B90003D1393 /* UIView Extensions.swift */; };
		2A8DE6FE25BF5680003D1393 /* UIImageView Extension.swift in Sources */ = {isa = PBXBuildFile; fileRef = 2A8DE6FD25BF5680003D1393 /* UIImageView Extension.swift */; };
		2A94157825A51497000FCA1D /* PopupView.swift in Sources */ = {isa = PBXBuildFile; fileRef = 2A94157725A51496000FCA1D /* PopupView.swift */; };
		2A974E64263DDAFF00F9A297 /* String Extension.swift in Sources */ = {isa = PBXBuildFile; fileRef = 2A974E63263DDAFF00F9A297 /* String Extension.swift */; };
		2AA1095026544A0100BF20F1 /* TimerSettingTableViewController.swift in Sources */ = {isa = PBXBuildFile; fileRef = 2AA1094F26544A0100BF20F1 /* TimerSettingTableViewController.swift */; };
		2AA10953265451B600BF20F1 /* TimerSettingTableViewCell.swift in Sources */ = {isa = PBXBuildFile; fileRef = 2AA10951265451B600BF20F1 /* TimerSettingTableViewCell.swift */; };
		2AA10954265451B600BF20F1 /* TimerSettingTableViewCell.xib in Resources */ = {isa = PBXBuildFile; fileRef = 2AA10952265451B600BF20F1 /* TimerSettingTableViewCell.xib */; };
		2AA109572656EDA000BF20F1 /* TimerColorCell.swift in Sources */ = {isa = PBXBuildFile; fileRef = 2AA109552656EDA000BF20F1 /* TimerColorCell.swift */; };
		2AA109582656EDA000BF20F1 /* TimerColorCell.xib in Resources */ = {isa = PBXBuildFile; fileRef = 2AA109562656EDA000BF20F1 /* TimerColorCell.xib */; };
		2AADA69B259BBE4A00A4D8B1 /* LoginHandler.swift in Sources */ = {isa = PBXBuildFile; fileRef = 2AADA69A259BBE4A00A4D8B1 /* LoginHandler.swift */; };
		2AADA6C9259BCF4F00A4D8B1 /* MaisonNeueExtended-ExtraBold.otf in Resources */ = {isa = PBXBuildFile; fileRef = 2AADA6B6259BCF2600A4D8B1 /* MaisonNeueExtended-ExtraBold.otf */; };
		2AADA6CA259BCF4F00A4D8B1 /* MaisonNeue-ThinItalic.otf in Resources */ = {isa = PBXBuildFile; fileRef = 2AADA6AC259BCF1A00A4D8B1 /* MaisonNeue-ThinItalic.otf */; };
		2AADA6CB259BCF4F00A4D8B1 /* MaisonNeueExtended-Thin.otf in Resources */ = {isa = PBXBuildFile; fileRef = 2AADA6C1259BCF2700A4D8B1 /* MaisonNeueExtended-Thin.otf */; };
		2AADA6CC259BCF4F00A4D8B1 /* MaisonNeueExtended-DemiItalic.otf in Resources */ = {isa = PBXBuildFile; fileRef = 2AADA6BC259BCF2600A4D8B1 /* MaisonNeueExtended-DemiItalic.otf */; };
		2AADA6CD259BCF4F00A4D8B1 /* MaisonNeue-BlackItalic.otf in Resources */ = {isa = PBXBuildFile; fileRef = 2AADA6A0259BCF1A00A4D8B1 /* MaisonNeue-BlackItalic.otf */; };
		2AADA6CE259BCF4F00A4D8B1 /* MaisonNeueMono-Regular.otf in Resources */ = {isa = PBXBuildFile; fileRef = 2AADA6C6259BCF3100A4D8B1 /* MaisonNeueMono-Regular.otf */; };
		2AADA6CF259BCF4F00A4D8B1 /* MaisonNeue-DemiItalic.otf in Resources */ = {isa = PBXBuildFile; fileRef = 2AADA6AA259BCF1A00A4D8B1 /* MaisonNeue-DemiItalic.otf */; };
		2AADA6D0259BCF4F00A4D8B1 /* MaisonNeue-ExtraBoldItalic.otf in Resources */ = {isa = PBXBuildFile; fileRef = 2AADA6A2259BCF1A00A4D8B1 /* MaisonNeue-ExtraBoldItalic.otf */; };
		2AADA6D1259BCF4F00A4D8B1 /* MaisonNeue-Demi.otf in Resources */ = {isa = PBXBuildFile; fileRef = 2AADA69F259BCF1A00A4D8B1 /* MaisonNeue-Demi.otf */; };
		2AADA6D2259BCF4F00A4D8B1 /* MaisonNeue-Thin.otf in Resources */ = {isa = PBXBuildFile; fileRef = 2AADA6A3259BCF1A00A4D8B1 /* MaisonNeue-Thin.otf */; };
		2AADA6D3259BCF4F00A4D8B1 /* MaisonNeueExtended-Bold.otf in Resources */ = {isa = PBXBuildFile; fileRef = 2AADA6B1259BCF2600A4D8B1 /* MaisonNeueExtended-Bold.otf */; };
		2AADA6D4259BCF4F00A4D8B1 /* MaisonNeueExtended-BookItalic.otf in Resources */ = {isa = PBXBuildFile; fileRef = 2AADA6B9259BCF2600A4D8B1 /* MaisonNeueExtended-BookItalic.otf */; };
		2AADA6D5259BCF4F00A4D8B1 /* MaisonNeue-ExtraThinItalic.otf in Resources */ = {isa = PBXBuildFile; fileRef = 2AADA6AD259BCF1A00A4D8B1 /* MaisonNeue-ExtraThinItalic.otf */; };
		2AADA6D6259BCF4F00A4D8B1 /* MaisonNeue-Light.otf in Resources */ = {isa = PBXBuildFile; fileRef = 2AADA6A5259BCF1A00A4D8B1 /* MaisonNeue-Light.otf */; };
		2AADA6D7259BCF4F00A4D8B1 /* MaisonNeue-Book.otf in Resources */ = {isa = PBXBuildFile; fileRef = 2AADA6A6259BCF1A00A4D8B1 /* MaisonNeue-Book.otf */; };
		2AADA6D8259BCF4F00A4D8B1 /* MaisonNeue-ExtraThin.otf in Resources */ = {isa = PBXBuildFile; fileRef = 2AADA6AB259BCF1A00A4D8B1 /* MaisonNeue-ExtraThin.otf */; };
		2AADA6D9259BCF4F00A4D8B1 /* MaisonNeueExtended-ExtraThin.otf in Resources */ = {isa = PBXBuildFile; fileRef = 2AADA6C0259BCF2700A4D8B1 /* MaisonNeueExtended-ExtraThin.otf */; };
		2AADA6DA259BCF4F00A4D8B1 /* MaisonNeue-BoldItalic.otf in Resources */ = {isa = PBXBuildFile; fileRef = 2AADA6A9259BCF1A00A4D8B1 /* MaisonNeue-BoldItalic.otf */; };
		2AADA6DB259BCF4F00A4D8B1 /* MaisonNeueExtended-ExtraBoldItalic.otf in Resources */ = {isa = PBXBuildFile; fileRef = 2AADA6B2259BCF2600A4D8B1 /* MaisonNeueExtended-ExtraBoldItalic.otf */; };
		2AADA6DC259BCF4F00A4D8B1 /* MaisonNeue-LightItalic.otf in Resources */ = {isa = PBXBuildFile; fileRef = 2AADA6A1259BCF1A00A4D8B1 /* MaisonNeue-LightItalic.otf */; };
		2AADA6DD259BCF4F00A4D8B1 /* MaisonNeue-Medium.otf in Resources */ = {isa = PBXBuildFile; fileRef = 2AADA6A8259BCF1A00A4D8B1 /* MaisonNeue-Medium.otf */; };
		2AADA6DE259BCF4F00A4D8B1 /* MaisonNeueExtended-Demi.otf in Resources */ = {isa = PBXBuildFile; fileRef = 2AADA6B4259BCF2600A4D8B1 /* MaisonNeueExtended-Demi.otf */; };
		2AADA6DF259BCF4F00A4D8B1 /* MaisonNeueExtended-Light.otf in Resources */ = {isa = PBXBuildFile; fileRef = 2AADA6B3259BCF2600A4D8B1 /* MaisonNeueExtended-Light.otf */; };
		2AADA6E0259BCF4F00A4D8B1 /* MaisonNeue-Bold.otf in Resources */ = {isa = PBXBuildFile; fileRef = 2AADA6A7259BCF1A00A4D8B1 /* MaisonNeue-Bold.otf */; };
		2AADA6E1259BCF4F00A4D8B1 /* MaisonNeueMono-Italic.otf in Resources */ = {isa = PBXBuildFile; fileRef = 2AADA6C3259BCF3100A4D8B1 /* MaisonNeueMono-Italic.otf */; };
		2AADA6E2259BCF4F00A4D8B1 /* MaisonNeueMono-Bold.otf in Resources */ = {isa = PBXBuildFile; fileRef = 2AADA6C5259BCF3100A4D8B1 /* MaisonNeueMono-Bold.otf */; };
		2AADA6E3259BCF4F00A4D8B1 /* MaisonNeue-MediumItalic.otf in Resources */ = {isa = PBXBuildFile; fileRef = 2AADA6AE259BCF1A00A4D8B1 /* MaisonNeue-MediumItalic.otf */; };
		2AADA6E4259BCF4F00A4D8B1 /* MaisonNeueExtended-Black.otf in Resources */ = {isa = PBXBuildFile; fileRef = 2AADA6BD259BCF2700A4D8B1 /* MaisonNeueExtended-Black.otf */; };
		2AADA6E5259BCF4F00A4D8B1 /* MaisonNeueExtended-ExtraThinItalic.otf in Resources */ = {isa = PBXBuildFile; fileRef = 2AADA6BE259BCF2700A4D8B1 /* MaisonNeueExtended-ExtraThinItalic.otf */; };
		2AADA6E6259BCF4F00A4D8B1 /* MaisonNeueExtended-BoldItalic.otf in Resources */ = {isa = PBXBuildFile; fileRef = 2AADA6B8259BCF2600A4D8B1 /* MaisonNeueExtended-BoldItalic.otf */; };
		2AADA6E7259BCF4F00A4D8B1 /* MaisonNeueExtended-Book.otf in Resources */ = {isa = PBXBuildFile; fileRef = 2AADA6BB259BCF2600A4D8B1 /* MaisonNeueExtended-Book.otf */; };
		2AADA6E8259BCF4F00A4D8B1 /* MaisonNeueExtended-ThinItalic.otf in Resources */ = {isa = PBXBuildFile; fileRef = 2AADA6B0259BCF2600A4D8B1 /* MaisonNeueExtended-ThinItalic.otf */; };
		2AADA6E9259BCF4F00A4D8B1 /* MaisonNeue-BookItalic.otf in Resources */ = {isa = PBXBuildFile; fileRef = 2AADA69E259BCF1A00A4D8B1 /* MaisonNeue-BookItalic.otf */; };
		2AADA6EA259BCF4F00A4D8B1 /* MaisonNeue-Black.otf in Resources */ = {isa = PBXBuildFile; fileRef = 2AADA69D259BCF1000A4D8B1 /* MaisonNeue-Black.otf */; };
		2AADA6EB259BCF4F00A4D8B1 /* MaisonNeueExtended-BlackItalic.otf in Resources */ = {isa = PBXBuildFile; fileRef = 2AADA6BA259BCF2600A4D8B1 /* MaisonNeueExtended-BlackItalic.otf */; };
		2AADA6EC259BCF4F00A4D8B1 /* MaisonNeueExtended-LightItalic.otf in Resources */ = {isa = PBXBuildFile; fileRef = 2AADA6B5259BCF2600A4D8B1 /* MaisonNeueExtended-LightItalic.otf */; };
		2AADA6ED259BCF4F00A4D8B1 /* MaisonNeueExtended-Medium.otf in Resources */ = {isa = PBXBuildFile; fileRef = 2AADA6BF259BCF2700A4D8B1 /* MaisonNeueExtended-Medium.otf */; };
		2AADA6EE259BCF4F00A4D8B1 /* MaisonNeueMono-BoldItalic.otf in Resources */ = {isa = PBXBuildFile; fileRef = 2AADA6C4259BCF3100A4D8B1 /* MaisonNeueMono-BoldItalic.otf */; };
		2AADA6EF259BCF4F00A4D8B1 /* MaisonNeue-ExtraBold.otf in Resources */ = {isa = PBXBuildFile; fileRef = 2AADA6A4259BCF1A00A4D8B1 /* MaisonNeue-ExtraBold.otf */; };
		2AADA6F0259BCF4F00A4D8B1 /* MaisonNeueExtended-MediumItalic.otf in Resources */ = {isa = PBXBuildFile; fileRef = 2AADA6B7259BCF2600A4D8B1 /* MaisonNeueExtended-MediumItalic.otf */; };
		2AADA6F9259BE93E00A4D8B1 /* UIViewController Extension.swift in Sources */ = {isa = PBXBuildFile; fileRef = 2AADA6F8259BE93E00A4D8B1 /* UIViewController Extension.swift */; };
		2AADA717259C0AA200A4D8B1 /* LoginViewController.swift in Sources */ = {isa = PBXBuildFile; fileRef = 2AADA716259C0AA200A4D8B1 /* LoginViewController.swift */; };
		2AB8E99725CDF632004E5E30 /* Date Extension.swift in Sources */ = {isa = PBXBuildFile; fileRef = 2AB8E99625CDF632004E5E30 /* Date Extension.swift */; };
		2ABC00C42593E80300D31690 /* ForumViewController.swift in Sources */ = {isa = PBXBuildFile; fileRef = 2ABC00C32593E80300D31690 /* ForumViewController.swift */; };
		2AC7587B265F14AD003B40CC /* GoogleService-Info.plist in Resources */ = {isa = PBXBuildFile; fileRef = 2AC7587A265F14AD003B40CC /* GoogleService-Info.plist */; };
		2ACDA71F26446B4B00C419B9 /* NativeAdCell.xib in Resources */ = {isa = PBXBuildFile; fileRef = 2ACDA71E26446B4B00C419B9 /* NativeAdCell.xib */; };
		2ACDA72126446B8B00C419B9 /* NativeAdCell.swift in Sources */ = {isa = PBXBuildFile; fileRef = 2ACDA72026446B8B00C419B9 /* NativeAdCell.swift */; };
		2ADBD60925BF6AEF0007EC64 /* Constants.swift in Sources */ = {isa = PBXBuildFile; fileRef = 2ADBD60825BF6AEF0007EC64 /* Constants.swift */; };
		2AEFB5CF26A0CAE3001511D9 /* categoryView.swift in Sources */ = {isa = PBXBuildFile; fileRef = 2AEFB5CE26A0CAE3001511D9 /* categoryView.swift */; };
		2AF0A8B225D8B0A300B97EF3 /* QuestionCell.swift in Sources */ = {isa = PBXBuildFile; fileRef = 2AF0A8B025D8B0A300B97EF3 /* QuestionCell.swift */; };
		2AF0A8B325D8B0A300B97EF3 /* QuestionCell.xib in Resources */ = {isa = PBXBuildFile; fileRef = 2AF0A8B125D8B0A300B97EF3 /* QuestionCell.xib */; };
		2AF8DCB3246F300400E42988 /* AppDelegate.swift in Sources */ = {isa = PBXBuildFile; fileRef = 2AF8DCB2246F300400E42988 /* AppDelegate.swift */; };
		2AF8DCBA246F300400E42988 /* Main.storyboard in Resources */ = {isa = PBXBuildFile; fileRef = 2AF8DCB8246F300400E42988 /* Main.storyboard */; };
		2AF8DCBF246F300600E42988 /* Assets.xcassets in Resources */ = {isa = PBXBuildFile; fileRef = 2AF8DCBE246F300600E42988 /* Assets.xcassets */; };
		2AF8DCC2246F300600E42988 /* LaunchScreen.storyboard in Resources */ = {isa = PBXBuildFile; fileRef = 2AF8DCC0246F300600E42988 /* LaunchScreen.storyboard */; };
		89F2CD7848C3263C6773A406 /* Pods_Nerd.framework in Frameworks */ = {isa = PBXBuildFile; fileRef = 082F67FBC013362535537FBB /* Pods_Nerd.framework */; };
/* End PBXBuildFile section */

/* Begin PBXFileReference section */
		082F67FBC013362535537FBB /* Pods_Nerd.framework */ = {isa = PBXFileReference; explicitFileType = wrapper.framework; includeInIndex = 0; path = Pods_Nerd.framework; sourceTree = BUILT_PRODUCTS_DIR; };
		171EFA3C5FD230BB88B4B78B /* Pods-Nerd.release.xcconfig */ = {isa = PBXFileReference; includeInIndex = 1; lastKnownFileType = text.xcconfig; name = "Pods-Nerd.release.xcconfig"; path = "Target Support Files/Pods-Nerd/Pods-Nerd.release.xcconfig"; sourceTree = "<group>"; };
		2A00C1D82479C83F0002B5C1 /* Pomodoro.swift */ = {isa = PBXFileReference; lastKnownFileType = sourcecode.swift; path = Pomodoro.swift; sourceTree = "<group>"; };
		2A02EAC6259A811A008A34A1 /* SignUpViewController.swift */ = {isa = PBXFileReference; lastKnownFileType = sourcecode.swift; path = SignUpViewController.swift; sourceTree = "<group>"; };
		2A068F1125A33CC6005EBAB6 /* MenuVideo.mp4 */ = {isa = PBXFileReference; lastKnownFileType = file; path = MenuVideo.mp4; sourceTree = "<group>"; };
		2A06F26825DB25F30058109F /* QuestionFormViewController.swift */ = {isa = PBXFileReference; lastKnownFileType = sourcecode.swift; path = QuestionFormViewController.swift; sourceTree = "<group>"; };
		2A06F2A125DB2CD40058109F /* attatchmentCollectionViewCell.swift */ = {isa = PBXFileReference; lastKnownFileType = sourcecode.swift; path = attatchmentCollectionViewCell.swift; sourceTree = "<group>"; };
		2A06F2A225DB2CD40058109F /* attatchmentCollectionViewCell.xib */ = {isa = PBXFileReference; lastKnownFileType = file.xib; path = attatchmentCollectionViewCell.xib; sourceTree = "<group>"; };
		2A06F2A625DB38C90058109F /* Attatchment.swift */ = {isa = PBXFileReference; lastKnownFileType = sourcecode.swift; path = Attatchment.swift; sourceTree = "<group>"; };
		2A105A2825C8C15D00271C1C /* GradeEntryViewController.swift */ = {isa = PBXFileReference; lastKnownFileType = sourcecode.swift; path = GradeEntryViewController.swift; sourceTree = "<group>"; };
		2A151199259E583400FD0081 /* IntroViewController.swift */ = {isa = PBXFileReference; lastKnownFileType = sourcecode.swift; path = IntroViewController.swift; sourceTree = "<group>"; };
		2A1511A0259E636800FD0081 /* BasicIntroViewController.swift */ = {isa = PBXFileReference; lastKnownFileType = sourcecode.swift; path = BasicIntroViewController.swift; sourceTree = "<group>"; };
		2A1511A1259E636800FD0081 /* BasicIntroViewController.xib */ = {isa = PBXFileReference; lastKnownFileType = file.xib; path = BasicIntroViewController.xib; sourceTree = "<group>"; };
		2A18BF5325085DBC00F36C1B /* User.swift */ = {isa = PBXFileReference; fileEncoding = 4; lastKnownFileType = sourcecode.swift; path = User.swift; sourceTree = "<group>"; };
		2A18BF5525085DD200F36C1B /* NotificationController.swift */ = {isa = PBXFileReference; fileEncoding = 4; lastKnownFileType = sourcecode.swift; path = NotificationController.swift; sourceTree = "<group>"; };
		2A18BF5625085DD200F36C1B /* TimerViewController.swift */ = {isa = PBXFileReference; fileEncoding = 4; lastKnownFileType = sourcecode.swift; path = TimerViewController.swift; sourceTree = "<group>"; };
		2A18BF5E25085F2900F36C1B /* AdManager.swift */ = {isa = PBXFileReference; fileEncoding = 4; lastKnownFileType = sourcecode.swift; path = AdManager.swift; sourceTree = "<group>"; };
		2A287201266ADD690083FCCD /* QuestionPageViewController.swift */ = {isa = PBXFileReference; lastKnownFileType = sourcecode.swift; path = QuestionPageViewController.swift; sourceTree = "<group>"; };
		2A327F72266024E200246A85 /* AnswerViewController.swift */ = {isa = PBXFileReference; lastKnownFileType = sourcecode.swift; path = AnswerViewController.swift; sourceTree = "<group>"; };
		2A3326A72692522600A8DA25 /* AirbnbCerealExtraBold.ttf */ = {isa = PBXFileReference; lastKnownFileType = file; path = AirbnbCerealExtraBold.ttf; sourceTree = "<group>"; };
		2A3326A82692522600A8DA25 /* AirbnbCerealLight.ttf */ = {isa = PBXFileReference; lastKnownFileType = file; path = AirbnbCerealLight.ttf; sourceTree = "<group>"; };
		2A3326A92692522600A8DA25 /* AirbnbCerealMedium.ttf */ = {isa = PBXFileReference; lastKnownFileType = file; path = AirbnbCerealMedium.ttf; sourceTree = "<group>"; };
		2A3326AA2692522600A8DA25 /* AirbnbCerealBold.ttf */ = {isa = PBXFileReference; lastKnownFileType = file; path = AirbnbCerealBold.ttf; sourceTree = "<group>"; };
		2A3326AB2692522600A8DA25 /* AirbnbCerealBlack.ttf */ = {isa = PBXFileReference; lastKnownFileType = file; path = AirbnbCerealBlack.ttf; sourceTree = "<group>"; };
		2A3326AC2692522600A8DA25 /* AirbnbCerealBook.ttf */ = {isa = PBXFileReference; lastKnownFileType = file; path = AirbnbCerealBook.ttf; sourceTree = "<group>"; };
		2A3B03D22684EC890059756A /* RegisterRequestView.swift */ = {isa = PBXFileReference; lastKnownFileType = sourcecode.swift; path = RegisterRequestView.swift; sourceTree = "<group>"; };
		2A3B03D32684EC890059756A /* RegisterRequestView.xib */ = {isa = PBXFileReference; lastKnownFileType = file.xib; path = RegisterRequestView.xib; sourceTree = "<group>"; };
		2A4440EC25DC8EF80016D99D /* Question.swift */ = {isa = PBXFileReference; lastKnownFileType = sourcecode.swift; path = Question.swift; sourceTree = "<group>"; };
		2A4440EF25DC9A1D0016D99D /* UITextView Extension.swift */ = {isa = PBXFileReference; lastKnownFileType = sourcecode.swift; path = "UITextView Extension.swift"; sourceTree = "<group>"; };
		2A539FD825964E9800BB608C /* UserViewController.swift */ = {isa = PBXFileReference; lastKnownFileType = sourcecode.swift; path = UserViewController.swift; sourceTree = "<group>"; };
		2A5F51CF25C6428600016E76 /* PageViewController.swift */ = {isa = PBXFileReference; lastKnownFileType = sourcecode.swift; path = PageViewController.swift; sourceTree = "<group>"; };
		2A64186E26615776005FF878 /* Answer.swift */ = {isa = PBXFileReference; lastKnownFileType = sourcecode.swift; path = Answer.swift; sourceTree = "<group>"; };
		2A64187226616CDA005FF878 /* AnswerCell.swift */ = {isa = PBXFileReference; lastKnownFileType = sourcecode.swift; path = AnswerCell.swift; sourceTree = "<group>"; };
		2A64187326616CDA005FF878 /* AnswerCell.xib */ = {isa = PBXFileReference; lastKnownFileType = file.xib; path = AnswerCell.xib; sourceTree = "<group>"; };
		2A6431672679884A0002CDA8 /* AlertViewController.swift */ = {isa = PBXFileReference; lastKnownFileType = sourcecode.swift; path = AlertViewController.swift; sourceTree = "<group>"; };
		2A6431682679884A0002CDA8 /* AlertViewController.xib */ = {isa = PBXFileReference; lastKnownFileType = file.xib; path = AlertViewController.xib; sourceTree = "<group>"; };
		2A65A3B9247461C7008090EC /* SceneDelegate.swift */ = {isa = PBXFileReference; fileEncoding = 4; lastKnownFileType = sourcecode.swift; path = SceneDelegate.swift; sourceTree = "<group>"; };
		2A664452265EEE72003DF2A3 /* Nerd.entitlements */ = {isa = PBXFileReference; fileEncoding = 4; lastKnownFileType = text.plist.entitlements; path = Nerd.entitlements; sourceTree = "<group>"; };
		2A664454265EF1FF003DF2A3 /* PublicSans-ExtraLight.ttf */ = {isa = PBXFileReference; lastKnownFileType = file; path = "PublicSans-ExtraLight.ttf"; sourceTree = "<group>"; };
		2A664455265EF200003DF2A3 /* PublicSans-Medium.ttf */ = {isa = PBXFileReference; lastKnownFileType = file; path = "PublicSans-Medium.ttf"; sourceTree = "<group>"; };
		2A664456265EF202003DF2A3 /* PublicSans-SemiBoldItalic.ttf */ = {isa = PBXFileReference; lastKnownFileType = file; path = "PublicSans-SemiBoldItalic.ttf"; sourceTree = "<group>"; };
		2A664457265EF204003DF2A3 /* PublicSans-Thin.ttf */ = {isa = PBXFileReference; lastKnownFileType = file; path = "PublicSans-Thin.ttf"; sourceTree = "<group>"; };
		2A664458265EF205003DF2A3 /* PublicSans-ExtraBold.ttf */ = {isa = PBXFileReference; lastKnownFileType = file; path = "PublicSans-ExtraBold.ttf"; sourceTree = "<group>"; };
		2A664459265EF207003DF2A3 /* PublicSans-Light.ttf */ = {isa = PBXFileReference; lastKnownFileType = file; path = "PublicSans-Light.ttf"; sourceTree = "<group>"; };
		2A66445A265EF208003DF2A3 /* PublicSans-Italic.ttf */ = {isa = PBXFileReference; lastKnownFileType = file; path = "PublicSans-Italic.ttf"; sourceTree = "<group>"; };
		2A66445B265EF20A003DF2A3 /* PublicSans-BoldItalic.ttf */ = {isa = PBXFileReference; lastKnownFileType = file; path = "PublicSans-BoldItalic.ttf"; sourceTree = "<group>"; };
		2A66445C265EF20C003DF2A3 /* PublicSans-BlackItalic.ttf */ = {isa = PBXFileReference; lastKnownFileType = file; path = "PublicSans-BlackItalic.ttf"; sourceTree = "<group>"; };
		2A66445E265EF20F003DF2A3 /* PublicSans-ThinItalic.ttf */ = {isa = PBXFileReference; lastKnownFileType = file; path = "PublicSans-ThinItalic.ttf"; sourceTree = "<group>"; };
		2A66445F265EF211003DF2A3 /* PublicSans-Black.ttf */ = {isa = PBXFileReference; lastKnownFileType = file; path = "PublicSans-Black.ttf"; sourceTree = "<group>"; };
		2A664460265EF212003DF2A3 /* PublicSans-SemiBold.ttf */ = {isa = PBXFileReference; lastKnownFileType = file; path = "PublicSans-SemiBold.ttf"; sourceTree = "<group>"; };
		2A664461265EF215003DF2A3 /* PublicSans-ExtraBoldItalic.ttf */ = {isa = PBXFileReference; lastKnownFileType = file; path = "PublicSans-ExtraBoldItalic.ttf"; sourceTree = "<group>"; };
		2A664462265EF217003DF2A3 /* PublicSans-ExtraLightItalic.ttf */ = {isa = PBXFileReference; lastKnownFileType = file; path = "PublicSans-ExtraLightItalic.ttf"; sourceTree = "<group>"; };
		2A664463265EF218003DF2A3 /* PublicSans-Regular.ttf */ = {isa = PBXFileReference; lastKnownFileType = file; path = "PublicSans-Regular.ttf"; sourceTree = "<group>"; };
		2A664464265EF21A003DF2A3 /* PublicSans-Bold.ttf */ = {isa = PBXFileReference; lastKnownFileType = file; path = "PublicSans-Bold.ttf"; sourceTree = "<group>"; };
		2A664465265EF21C003DF2A3 /* PublicSans-MediumItalic.ttf */ = {isa = PBXFileReference; lastKnownFileType = file; path = "PublicSans-MediumItalic.ttf"; sourceTree = "<group>"; };
		2A664466265EF21D003DF2A3 /* PublicSans-LightItalic.ttf */ = {isa = PBXFileReference; lastKnownFileType = file; path = "PublicSans-LightItalic.ttf"; sourceTree = "<group>"; };
		2A664479265EF221003DF2A3 /* WorkSans-Regular.ttf */ = {isa = PBXFileReference; lastKnownFileType = file; path = "WorkSans-Regular.ttf"; sourceTree = "<group>"; };
		2A66447A265EF223003DF2A3 /* WorkSans-Medium.ttf */ = {isa = PBXFileReference; lastKnownFileType = file; path = "WorkSans-Medium.ttf"; sourceTree = "<group>"; };
		2A66447B265EF225003DF2A3 /* WorkSans-ExtraBoldItalic.ttf */ = {isa = PBXFileReference; lastKnownFileType = file; path = "WorkSans-ExtraBoldItalic.ttf"; sourceTree = "<group>"; };
		2A66447C265EF226003DF2A3 /* WorkSans-Black.ttf */ = {isa = PBXFileReference; lastKnownFileType = file; path = "WorkSans-Black.ttf"; sourceTree = "<group>"; };
		2A66447D265EF228003DF2A3 /* WorkSans-BoldItalic.ttf */ = {isa = PBXFileReference; lastKnownFileType = file; path = "WorkSans-BoldItalic.ttf"; sourceTree = "<group>"; };
		2A66447E265EF229003DF2A3 /* WorkSans-ExtraLightItalic.ttf */ = {isa = PBXFileReference; lastKnownFileType = file; path = "WorkSans-ExtraLightItalic.ttf"; sourceTree = "<group>"; };
		2A66447F265EF22B003DF2A3 /* WorkSans-ExtraLight.ttf */ = {isa = PBXFileReference; lastKnownFileType = file; path = "WorkSans-ExtraLight.ttf"; sourceTree = "<group>"; };
		2A664480265EF22C003DF2A3 /* WorkSans-Light.ttf */ = {isa = PBXFileReference; lastKnownFileType = file; path = "WorkSans-Light.ttf"; sourceTree = "<group>"; };
		2A664481265EF22E003DF2A3 /* WorkSans-Bold.ttf */ = {isa = PBXFileReference; lastKnownFileType = file; path = "WorkSans-Bold.ttf"; sourceTree = "<group>"; };
		2A664482265EF22F003DF2A3 /* WorkSans-SemiBold.ttf */ = {isa = PBXFileReference; lastKnownFileType = file; path = "WorkSans-SemiBold.ttf"; sourceTree = "<group>"; };
		2A664483265EF231003DF2A3 /* WorkSans-ExtraBold.ttf */ = {isa = PBXFileReference; lastKnownFileType = file; path = "WorkSans-ExtraBold.ttf"; sourceTree = "<group>"; };
		2A664484265EF232003DF2A3 /* WorkSans-MediumItalic.ttf */ = {isa = PBXFileReference; lastKnownFileType = file; path = "WorkSans-MediumItalic.ttf"; sourceTree = "<group>"; };
		2A664485265EF234003DF2A3 /* WorkSans-Thin.ttf */ = {isa = PBXFileReference; lastKnownFileType = file; path = "WorkSans-Thin.ttf"; sourceTree = "<group>"; };
		2A664486265EF235003DF2A3 /* WorkSans-LightItalic.ttf */ = {isa = PBXFileReference; lastKnownFileType = file; path = "WorkSans-LightItalic.ttf"; sourceTree = "<group>"; };
		2A664487265EF237003DF2A3 /* WorkSans-ThinItalic.ttf */ = {isa = PBXFileReference; lastKnownFileType = file; path = "WorkSans-ThinItalic.ttf"; sourceTree = "<group>"; };
		2A664488265EF238003DF2A3 /* WorkSans-Italic.ttf */ = {isa = PBXFileReference; lastKnownFileType = file; path = "WorkSans-Italic.ttf"; sourceTree = "<group>"; };
		2A664489265EF23A003DF2A3 /* WorkSans-BlackItalic.ttf */ = {isa = PBXFileReference; lastKnownFileType = file; path = "WorkSans-BlackItalic.ttf"; sourceTree = "<group>"; };
		2A66448A265EF23B003DF2A3 /* WorkSans-SemiBoldItalic.ttf */ = {isa = PBXFileReference; lastKnownFileType = file; path = "WorkSans-SemiBoldItalic.ttf"; sourceTree = "<group>"; };
		2A712C48267920370062EC5F /* logoAnimationView.xib */ = {isa = PBXFileReference; fileEncoding = 4; lastKnownFileType = file.xib; path = logoAnimationView.xib; sourceTree = "<group>"; };
		2A712C4A2679238D0062EC5F /* logoAnimationView.swift */ = {isa = PBXFileReference; lastKnownFileType = sourcecode.swift; path = logoAnimationView.swift; sourceTree = "<group>"; };
		2A712C6E267985B80062EC5F /* AlertPresentationController.swift */ = {isa = PBXFileReference; lastKnownFileType = sourcecode.swift; path = AlertPresentationController.swift; sourceTree = "<group>"; };
		2A71A3CE259FECBF0003975C /* SplashViewController.swift */ = {isa = PBXFileReference; lastKnownFileType = sourcecode.swift; path = SplashViewController.swift; sourceTree = "<group>"; };
		2A71C0BD269F715800237FF6 /* categoryCell.swift */ = {isa = PBXFileReference; lastKnownFileType = sourcecode.swift; path = categoryCell.swift; sourceTree = "<group>"; };
		2A71C0BE269F715800237FF6 /* categoryCell.xib */ = {isa = PBXFileReference; lastKnownFileType = file.xib; path = categoryCell.xib; sourceTree = "<group>"; };
		2A75C803265AC93700D80E8E /* UserQuestionViewController.swift */ = {isa = PBXFileReference; lastKnownFileType = sourcecode.swift; path = UserQuestionViewController.swift; sourceTree = "<group>"; };
		2A81795B259519F90076EAC0 /* ExampleBouncesContentView.swift */ = {isa = PBXFileReference; lastKnownFileType = sourcecode.swift; path = ExampleBouncesContentView.swift; sourceTree = "<group>"; };
		2A81795F25951ADB0076EAC0 /* ExampleBasicContentView.swift */ = {isa = PBXFileReference; lastKnownFileType = sourcecode.swift; path = ExampleBasicContentView.swift; sourceTree = "<group>"; };
		2A8DE6A925BB9502003D1393 /* DatabaseManager.swift */ = {isa = PBXFileReference; lastKnownFileType = sourcecode.swift; path = DatabaseManager.swift; sourceTree = "<group>"; };
		2A8DE6B025BBBF41003D1393 /* UsernameEntryViewController.swift */ = {isa = PBXFileReference; lastKnownFileType = sourcecode.swift; path = UsernameEntryViewController.swift; sourceTree = "<group>"; };
		2A8DE6FA25BD2B90003D1393 /* UIView Extensions.swift */ = {isa = PBXFileReference; lastKnownFileType = sourcecode.swift; path = "UIView Extensions.swift"; sourceTree = "<group>"; };
		2A8DE6FD25BF5680003D1393 /* UIImageView Extension.swift */ = {isa = PBXFileReference; lastKnownFileType = sourcecode.swift; path = "UIImageView Extension.swift"; sourceTree = "<group>"; };
		2A94157725A51496000FCA1D /* PopupView.swift */ = {isa = PBXFileReference; lastKnownFileType = sourcecode.swift; path = PopupView.swift; sourceTree = "<group>"; };
		2A974E63263DDAFF00F9A297 /* String Extension.swift */ = {isa = PBXFileReference; lastKnownFileType = sourcecode.swift; path = "String Extension.swift"; sourceTree = "<group>"; };
		2AA1094F26544A0100BF20F1 /* TimerSettingTableViewController.swift */ = {isa = PBXFileReference; lastKnownFileType = sourcecode.swift; path = TimerSettingTableViewController.swift; sourceTree = "<group>"; };
		2AA10951265451B600BF20F1 /* TimerSettingTableViewCell.swift */ = {isa = PBXFileReference; lastKnownFileType = sourcecode.swift; path = TimerSettingTableViewCell.swift; sourceTree = "<group>"; };
		2AA10952265451B600BF20F1 /* TimerSettingTableViewCell.xib */ = {isa = PBXFileReference; lastKnownFileType = file.xib; path = TimerSettingTableViewCell.xib; sourceTree = "<group>"; };
		2AA109552656EDA000BF20F1 /* TimerColorCell.swift */ = {isa = PBXFileReference; lastKnownFileType = sourcecode.swift; path = TimerColorCell.swift; sourceTree = "<group>"; };
		2AA109562656EDA000BF20F1 /* TimerColorCell.xib */ = {isa = PBXFileReference; lastKnownFileType = file.xib; path = TimerColorCell.xib; sourceTree = "<group>"; };
		2AADA69A259BBE4A00A4D8B1 /* LoginHandler.swift */ = {isa = PBXFileReference; lastKnownFileType = sourcecode.swift; path = LoginHandler.swift; sourceTree = "<group>"; };
		2AADA69D259BCF1000A4D8B1 /* MaisonNeue-Black.otf */ = {isa = PBXFileReference; lastKnownFileType = file; path = "MaisonNeue-Black.otf"; sourceTree = "<group>"; };
		2AADA69E259BCF1A00A4D8B1 /* MaisonNeue-BookItalic.otf */ = {isa = PBXFileReference; lastKnownFileType = file; path = "MaisonNeue-BookItalic.otf"; sourceTree = "<group>"; };
		2AADA69F259BCF1A00A4D8B1 /* MaisonNeue-Demi.otf */ = {isa = PBXFileReference; lastKnownFileType = file; path = "MaisonNeue-Demi.otf"; sourceTree = "<group>"; };
		2AADA6A0259BCF1A00A4D8B1 /* MaisonNeue-BlackItalic.otf */ = {isa = PBXFileReference; lastKnownFileType = file; path = "MaisonNeue-BlackItalic.otf"; sourceTree = "<group>"; };
		2AADA6A1259BCF1A00A4D8B1 /* MaisonNeue-LightItalic.otf */ = {isa = PBXFileReference; lastKnownFileType = file; path = "MaisonNeue-LightItalic.otf"; sourceTree = "<group>"; };
		2AADA6A2259BCF1A00A4D8B1 /* MaisonNeue-ExtraBoldItalic.otf */ = {isa = PBXFileReference; lastKnownFileType = file; path = "MaisonNeue-ExtraBoldItalic.otf"; sourceTree = "<group>"; };
		2AADA6A3259BCF1A00A4D8B1 /* MaisonNeue-Thin.otf */ = {isa = PBXFileReference; lastKnownFileType = file; path = "MaisonNeue-Thin.otf"; sourceTree = "<group>"; };
		2AADA6A4259BCF1A00A4D8B1 /* MaisonNeue-ExtraBold.otf */ = {isa = PBXFileReference; lastKnownFileType = file; path = "MaisonNeue-ExtraBold.otf"; sourceTree = "<group>"; };
		2AADA6A5259BCF1A00A4D8B1 /* MaisonNeue-Light.otf */ = {isa = PBXFileReference; lastKnownFileType = file; path = "MaisonNeue-Light.otf"; sourceTree = "<group>"; };
		2AADA6A6259BCF1A00A4D8B1 /* MaisonNeue-Book.otf */ = {isa = PBXFileReference; lastKnownFileType = file; path = "MaisonNeue-Book.otf"; sourceTree = "<group>"; };
		2AADA6A7259BCF1A00A4D8B1 /* MaisonNeue-Bold.otf */ = {isa = PBXFileReference; lastKnownFileType = file; path = "MaisonNeue-Bold.otf"; sourceTree = "<group>"; };
		2AADA6A8259BCF1A00A4D8B1 /* MaisonNeue-Medium.otf */ = {isa = PBXFileReference; lastKnownFileType = file; path = "MaisonNeue-Medium.otf"; sourceTree = "<group>"; };
		2AADA6A9259BCF1A00A4D8B1 /* MaisonNeue-BoldItalic.otf */ = {isa = PBXFileReference; lastKnownFileType = file; path = "MaisonNeue-BoldItalic.otf"; sourceTree = "<group>"; };
		2AADA6AA259BCF1A00A4D8B1 /* MaisonNeue-DemiItalic.otf */ = {isa = PBXFileReference; lastKnownFileType = file; path = "MaisonNeue-DemiItalic.otf"; sourceTree = "<group>"; };
		2AADA6AB259BCF1A00A4D8B1 /* MaisonNeue-ExtraThin.otf */ = {isa = PBXFileReference; lastKnownFileType = file; path = "MaisonNeue-ExtraThin.otf"; sourceTree = "<group>"; };
		2AADA6AC259BCF1A00A4D8B1 /* MaisonNeue-ThinItalic.otf */ = {isa = PBXFileReference; lastKnownFileType = file; path = "MaisonNeue-ThinItalic.otf"; sourceTree = "<group>"; };
		2AADA6AD259BCF1A00A4D8B1 /* MaisonNeue-ExtraThinItalic.otf */ = {isa = PBXFileReference; lastKnownFileType = file; path = "MaisonNeue-ExtraThinItalic.otf"; sourceTree = "<group>"; };
		2AADA6AE259BCF1A00A4D8B1 /* MaisonNeue-MediumItalic.otf */ = {isa = PBXFileReference; lastKnownFileType = file; path = "MaisonNeue-MediumItalic.otf"; sourceTree = "<group>"; };
		2AADA6B0259BCF2600A4D8B1 /* MaisonNeueExtended-ThinItalic.otf */ = {isa = PBXFileReference; lastKnownFileType = file; path = "MaisonNeueExtended-ThinItalic.otf"; sourceTree = "<group>"; };
		2AADA6B1259BCF2600A4D8B1 /* MaisonNeueExtended-Bold.otf */ = {isa = PBXFileReference; lastKnownFileType = file; path = "MaisonNeueExtended-Bold.otf"; sourceTree = "<group>"; };
		2AADA6B2259BCF2600A4D8B1 /* MaisonNeueExtended-ExtraBoldItalic.otf */ = {isa = PBXFileReference; lastKnownFileType = file; path = "MaisonNeueExtended-ExtraBoldItalic.otf"; sourceTree = "<group>"; };
		2AADA6B3259BCF2600A4D8B1 /* MaisonNeueExtended-Light.otf */ = {isa = PBXFileReference; lastKnownFileType = file; path = "MaisonNeueExtended-Light.otf"; sourceTree = "<group>"; };
		2AADA6B4259BCF2600A4D8B1 /* MaisonNeueExtended-Demi.otf */ = {isa = PBXFileReference; lastKnownFileType = file; path = "MaisonNeueExtended-Demi.otf"; sourceTree = "<group>"; };
		2AADA6B5259BCF2600A4D8B1 /* MaisonNeueExtended-LightItalic.otf */ = {isa = PBXFileReference; lastKnownFileType = file; path = "MaisonNeueExtended-LightItalic.otf"; sourceTree = "<group>"; };
		2AADA6B6259BCF2600A4D8B1 /* MaisonNeueExtended-ExtraBold.otf */ = {isa = PBXFileReference; lastKnownFileType = file; path = "MaisonNeueExtended-ExtraBold.otf"; sourceTree = "<group>"; };
		2AADA6B7259BCF2600A4D8B1 /* MaisonNeueExtended-MediumItalic.otf */ = {isa = PBXFileReference; lastKnownFileType = file; path = "MaisonNeueExtended-MediumItalic.otf"; sourceTree = "<group>"; };
		2AADA6B8259BCF2600A4D8B1 /* MaisonNeueExtended-BoldItalic.otf */ = {isa = PBXFileReference; lastKnownFileType = file; path = "MaisonNeueExtended-BoldItalic.otf"; sourceTree = "<group>"; };
		2AADA6B9259BCF2600A4D8B1 /* MaisonNeueExtended-BookItalic.otf */ = {isa = PBXFileReference; lastKnownFileType = file; path = "MaisonNeueExtended-BookItalic.otf"; sourceTree = "<group>"; };
		2AADA6BA259BCF2600A4D8B1 /* MaisonNeueExtended-BlackItalic.otf */ = {isa = PBXFileReference; lastKnownFileType = file; path = "MaisonNeueExtended-BlackItalic.otf"; sourceTree = "<group>"; };
		2AADA6BB259BCF2600A4D8B1 /* MaisonNeueExtended-Book.otf */ = {isa = PBXFileReference; lastKnownFileType = file; path = "MaisonNeueExtended-Book.otf"; sourceTree = "<group>"; };
		2AADA6BC259BCF2600A4D8B1 /* MaisonNeueExtended-DemiItalic.otf */ = {isa = PBXFileReference; lastKnownFileType = file; path = "MaisonNeueExtended-DemiItalic.otf"; sourceTree = "<group>"; };
		2AADA6BD259BCF2700A4D8B1 /* MaisonNeueExtended-Black.otf */ = {isa = PBXFileReference; lastKnownFileType = file; path = "MaisonNeueExtended-Black.otf"; sourceTree = "<group>"; };
		2AADA6BE259BCF2700A4D8B1 /* MaisonNeueExtended-ExtraThinItalic.otf */ = {isa = PBXFileReference; lastKnownFileType = file; path = "MaisonNeueExtended-ExtraThinItalic.otf"; sourceTree = "<group>"; };
		2AADA6BF259BCF2700A4D8B1 /* MaisonNeueExtended-Medium.otf */ = {isa = PBXFileReference; lastKnownFileType = file; path = "MaisonNeueExtended-Medium.otf"; sourceTree = "<group>"; };
		2AADA6C0259BCF2700A4D8B1 /* MaisonNeueExtended-ExtraThin.otf */ = {isa = PBXFileReference; lastKnownFileType = file; path = "MaisonNeueExtended-ExtraThin.otf"; sourceTree = "<group>"; };
		2AADA6C1259BCF2700A4D8B1 /* MaisonNeueExtended-Thin.otf */ = {isa = PBXFileReference; lastKnownFileType = file; path = "MaisonNeueExtended-Thin.otf"; sourceTree = "<group>"; };
		2AADA6C3259BCF3100A4D8B1 /* MaisonNeueMono-Italic.otf */ = {isa = PBXFileReference; lastKnownFileType = file; path = "MaisonNeueMono-Italic.otf"; sourceTree = "<group>"; };
		2AADA6C4259BCF3100A4D8B1 /* MaisonNeueMono-BoldItalic.otf */ = {isa = PBXFileReference; lastKnownFileType = file; path = "MaisonNeueMono-BoldItalic.otf"; sourceTree = "<group>"; };
		2AADA6C5259BCF3100A4D8B1 /* MaisonNeueMono-Bold.otf */ = {isa = PBXFileReference; lastKnownFileType = file; path = "MaisonNeueMono-Bold.otf"; sourceTree = "<group>"; };
		2AADA6C6259BCF3100A4D8B1 /* MaisonNeueMono-Regular.otf */ = {isa = PBXFileReference; lastKnownFileType = file; path = "MaisonNeueMono-Regular.otf"; sourceTree = "<group>"; };
		2AADA6F8259BE93E00A4D8B1 /* UIViewController Extension.swift */ = {isa = PBXFileReference; lastKnownFileType = sourcecode.swift; path = "UIViewController Extension.swift"; sourceTree = "<group>"; };
		2AADA716259C0AA200A4D8B1 /* LoginViewController.swift */ = {isa = PBXFileReference; lastKnownFileType = sourcecode.swift; path = LoginViewController.swift; sourceTree = "<group>"; };
		2AB8E99625CDF632004E5E30 /* Date Extension.swift */ = {isa = PBXFileReference; lastKnownFileType = sourcecode.swift; path = "Date Extension.swift"; sourceTree = "<group>"; };
		2ABC00C32593E80300D31690 /* ForumViewController.swift */ = {isa = PBXFileReference; lastKnownFileType = sourcecode.swift; path = ForumViewController.swift; sourceTree = "<group>"; };
		2AC7587A265F14AD003B40CC /* GoogleService-Info.plist */ = {isa = PBXFileReference; fileEncoding = 4; lastKnownFileType = text.plist.xml; path = "GoogleService-Info.plist"; sourceTree = "<group>"; };
		2ACDA71E26446B4B00C419B9 /* NativeAdCell.xib */ = {isa = PBXFileReference; fileEncoding = 4; lastKnownFileType = file.xib; path = NativeAdCell.xib; sourceTree = "<group>"; };
		2ACDA72026446B8B00C419B9 /* NativeAdCell.swift */ = {isa = PBXFileReference; lastKnownFileType = sourcecode.swift; path = NativeAdCell.swift; sourceTree = "<group>"; };
		2ADBD60825BF6AEF0007EC64 /* Constants.swift */ = {isa = PBXFileReference; lastKnownFileType = sourcecode.swift; path = Constants.swift; sourceTree = "<group>"; };
		2AEFB5CE26A0CAE3001511D9 /* categoryView.swift */ = {isa = PBXFileReference; lastKnownFileType = sourcecode.swift; path = categoryView.swift; sourceTree = "<group>"; };
		2AF0A8B025D8B0A300B97EF3 /* QuestionCell.swift */ = {isa = PBXFileReference; lastKnownFileType = sourcecode.swift; path = QuestionCell.swift; sourceTree = "<group>"; };
		2AF0A8B125D8B0A300B97EF3 /* QuestionCell.xib */ = {isa = PBXFileReference; lastKnownFileType = file.xib; path = QuestionCell.xib; sourceTree = "<group>"; };
		2AF8DCAF246F300400E42988 /* Nerd.app */ = {isa = PBXFileReference; explicitFileType = wrapper.application; includeInIndex = 0; path = Nerd.app; sourceTree = BUILT_PRODUCTS_DIR; };
		2AF8DCB2246F300400E42988 /* AppDelegate.swift */ = {isa = PBXFileReference; lastKnownFileType = sourcecode.swift; path = AppDelegate.swift; sourceTree = "<group>"; };
		2AF8DCB9246F300400E42988 /* Base */ = {isa = PBXFileReference; lastKnownFileType = file.storyboard; name = Base; path = Base.lproj/Main.storyboard; sourceTree = "<group>"; };
		2AF8DCBE246F300600E42988 /* Assets.xcassets */ = {isa = PBXFileReference; lastKnownFileType = folder.assetcatalog; path = Assets.xcassets; sourceTree = "<group>"; };
		2AF8DCC1246F300600E42988 /* Base */ = {isa = PBXFileReference; lastKnownFileType = file.storyboard; name = Base; path = Base.lproj/LaunchScreen.storyboard; sourceTree = "<group>"; };
		2AF8DCC3246F300600E42988 /* Info.plist */ = {isa = PBXFileReference; lastKnownFileType = text.plist.xml; path = Info.plist; sourceTree = "<group>"; };
		DAAD47B0BE22B696405E3A8F /* Pods-Nerd.debug.xcconfig */ = {isa = PBXFileReference; includeInIndex = 1; lastKnownFileType = text.xcconfig; name = "Pods-Nerd.debug.xcconfig"; path = "Target Support Files/Pods-Nerd/Pods-Nerd.debug.xcconfig"; sourceTree = "<group>"; };
/* End PBXFileReference section */

/* Begin PBXFrameworksBuildPhase section */
		2AF8DCAC246F300400E42988 /* Frameworks */ = {
			isa = PBXFrameworksBuildPhase;
			buildActionMask = 2147483647;
			files = (
				89F2CD7848C3263C6773A406 /* Pods_Nerd.framework in Frameworks */,
			);
			runOnlyForDeploymentPostprocessing = 0;
		};
/* End PBXFrameworksBuildPhase section */

/* Begin PBXGroup section */
		2A06F26725DB25D70058109F /* SupportingControllers */ = {
			isa = PBXGroup;
			children = (
				2A06F26825DB25F30058109F /* QuestionFormViewController.swift */,
				2AA1094F26544A0100BF20F1 /* TimerSettingTableViewController.swift */,
				2A75C803265AC93700D80E8E /* UserQuestionViewController.swift */,
				2A327F72266024E200246A85 /* AnswerViewController.swift */,
				2A287201266ADD690083FCCD /* QuestionPageViewController.swift */,
			);
			path = SupportingControllers;
			sourceTree = "<group>";
		};
		2A1511A5259E636F00FD0081 /* Custom Views */ = {
			isa = PBXGroup;
			children = (
				2A1511A1259E636800FD0081 /* BasicIntroViewController.xib */,
				2A94157725A51496000FCA1D /* PopupView.swift */,
				2AF0A8B025D8B0A300B97EF3 /* QuestionCell.swift */,
				2AF0A8B125D8B0A300B97EF3 /* QuestionCell.xib */,
				2A06F2A125DB2CD40058109F /* attatchmentCollectionViewCell.swift */,
				2A06F2A225DB2CD40058109F /* attatchmentCollectionViewCell.xib */,
				2ACDA71E26446B4B00C419B9 /* NativeAdCell.xib */,
				2ACDA72026446B8B00C419B9 /* NativeAdCell.swift */,
				2AA10951265451B600BF20F1 /* TimerSettingTableViewCell.swift */,
				2AA10952265451B600BF20F1 /* TimerSettingTableViewCell.xib */,
				2AA109552656EDA000BF20F1 /* TimerColorCell.swift */,
				2AA109562656EDA000BF20F1 /* TimerColorCell.xib */,
				2A64187226616CDA005FF878 /* AnswerCell.swift */,
				2A64187326616CDA005FF878 /* AnswerCell.xib */,
				2A712C48267920370062EC5F /* logoAnimationView.xib */,
				2A712C4A2679238D0062EC5F /* logoAnimationView.swift */,
				2A712C6E267985B80062EC5F /* AlertPresentationController.swift */,
				2A6431672679884A0002CDA8 /* AlertViewController.swift */,
				2A6431682679884A0002CDA8 /* AlertViewController.xib */,
				2A3B03D22684EC890059756A /* RegisterRequestView.swift */,
				2A3B03D32684EC890059756A /* RegisterRequestView.xib */,
				2A71C0BD269F715800237FF6 /* categoryCell.swift */,
				2A71C0BE269F715800237FF6 /* categoryCell.xib */,
				2AEFB5CE26A0CAE3001511D9 /* categoryView.swift */,
			);
			path = "Custom Views";
			sourceTree = "<group>";
		};
		2A18BF5D25085F1B00F36C1B /* Managers */ = {
			isa = PBXGroup;
			children = (
				2A18BF5525085DD200F36C1B /* NotificationController.swift */,
				2A18BF5E25085F2900F36C1B /* AdManager.swift */,
				2AADA69A259BBE4A00A4D8B1 /* LoginHandler.swift */,
				2A8DE6A925BB9502003D1393 /* DatabaseManager.swift */,
			);
			path = Managers;
			sourceTree = "<group>";
		};
		2A281C9A24733A9C006D6BC8 /* Model */ = {
			isa = PBXGroup;
			children = (
				2A18BF5325085DBC00F36C1B /* User.swift */,
				2A00C1D82479C83F0002B5C1 /* Pomodoro.swift */,
				2ADBD60825BF6AEF0007EC64 /* Constants.swift */,
				2A06F2A625DB38C90058109F /* Attatchment.swift */,
				2A4440EC25DC8EF80016D99D /* Question.swift */,
				2A64186E26615776005FF878 /* Answer.swift */,
			);
			path = Model;
			sourceTree = "<group>";
		};
		2A281C9B24733AA1006D6BC8 /* View */ = {
			isa = PBXGroup;
			children = (
				2A1511A5259E636F00FD0081 /* Custom Views */,
				2AF8DCB8246F300400E42988 /* Main.storyboard */,
				2AF8DCC0246F300600E42988 /* LaunchScreen.storyboard */,
			);
			path = View;
			sourceTree = "<group>";
		};
		2A281C9C24733AA8006D6BC8 /* Controller */ = {
			isa = PBXGroup;
			children = (
				2A06F26725DB25D70058109F /* SupportingControllers */,
				2A9414E725A4EB4E000FCA1D /* OnboardingControllers */,
				2A542323259F647A00317F66 /* TabControllers */,
			);
			path = Controller;
			sourceTree = "<group>";
		};
		2A3326A62692521400A8DA25 /* Airbnb */ = {
			isa = PBXGroup;
			children = (
				2A3326AB2692522600A8DA25 /* AirbnbCerealBlack.ttf */,
				2A3326AA2692522600A8DA25 /* AirbnbCerealBold.ttf */,
				2A3326AC2692522600A8DA25 /* AirbnbCerealBook.ttf */,
				2A3326A72692522600A8DA25 /* AirbnbCerealExtraBold.ttf */,
				2A3326A82692522600A8DA25 /* AirbnbCerealLight.ttf */,
				2A3326A92692522600A8DA25 /* AirbnbCerealMedium.ttf */,
			);
			path = Airbnb;
			sourceTree = "<group>";
		};
		2A542323259F647A00317F66 /* TabControllers */ = {
			isa = PBXGroup;
			children = (
				2A18BF5625085DD200F36C1B /* TimerViewController.swift */,
				2ABC00C32593E80300D31690 /* ForumViewController.swift */,
				2A539FD825964E9800BB608C /* UserViewController.swift */,
			);
			path = TabControllers;
			sourceTree = "<group>";
		};
		2A65A37C24734173008090EC /* Resources */ = {
			isa = PBXGroup;
			children = (
				2AC7587A265F14AD003B40CC /* GoogleService-Info.plist */,
				2A068F1125A33CC6005EBAB6 /* MenuVideo.mp4 */,
				2A81795E25951AD10076EAC0 /* TabBarClasses */,
				2AF8DCBE246F300600E42988 /* Assets.xcassets */,
				2AF8DCC9246F301100E42988 /* Fonts */,
			);
			name = Resources;
			path = ../Resources;
			sourceTree = "<group>";
		};
		2A664453265EF1F2003DF2A3 /* Public Sans */ = {
			isa = PBXGroup;
			children = (
				2A66445F265EF211003DF2A3 /* PublicSans-Black.ttf */,
				2A66445C265EF20C003DF2A3 /* PublicSans-BlackItalic.ttf */,
				2A664464265EF21A003DF2A3 /* PublicSans-Bold.ttf */,
				2A66445B265EF20A003DF2A3 /* PublicSans-BoldItalic.ttf */,
				2A664458265EF205003DF2A3 /* PublicSans-ExtraBold.ttf */,
				2A664461265EF215003DF2A3 /* PublicSans-ExtraBoldItalic.ttf */,
				2A664454265EF1FF003DF2A3 /* PublicSans-ExtraLight.ttf */,
				2A664462265EF217003DF2A3 /* PublicSans-ExtraLightItalic.ttf */,
				2A66445A265EF208003DF2A3 /* PublicSans-Italic.ttf */,
				2A664459265EF207003DF2A3 /* PublicSans-Light.ttf */,
				2A664466265EF21D003DF2A3 /* PublicSans-LightItalic.ttf */,
				2A664455265EF200003DF2A3 /* PublicSans-Medium.ttf */,
				2A664465265EF21C003DF2A3 /* PublicSans-MediumItalic.ttf */,
				2A664463265EF218003DF2A3 /* PublicSans-Regular.ttf */,
				2A664460265EF212003DF2A3 /* PublicSans-SemiBold.ttf */,
				2A664456265EF202003DF2A3 /* PublicSans-SemiBoldItalic.ttf */,
				2A664457265EF204003DF2A3 /* PublicSans-Thin.ttf */,
				2A66445E265EF20F003DF2A3 /* PublicSans-ThinItalic.ttf */,
			);
			path = "Public Sans";
			sourceTree = "<group>";
		};
		2A66445D265EF20F003DF2A3 /* Work Sans */ = {
			isa = PBXGroup;
			children = (
				2A66447C265EF226003DF2A3 /* WorkSans-Black.ttf */,
				2A664489265EF23A003DF2A3 /* WorkSans-BlackItalic.ttf */,
				2A664481265EF22E003DF2A3 /* WorkSans-Bold.ttf */,
				2A66447D265EF228003DF2A3 /* WorkSans-BoldItalic.ttf */,
				2A664483265EF231003DF2A3 /* WorkSans-ExtraBold.ttf */,
				2A66447B265EF225003DF2A3 /* WorkSans-ExtraBoldItalic.ttf */,
				2A66447F265EF22B003DF2A3 /* WorkSans-ExtraLight.ttf */,
				2A66447E265EF229003DF2A3 /* WorkSans-ExtraLightItalic.ttf */,
				2A664488265EF238003DF2A3 /* WorkSans-Italic.ttf */,
				2A664480265EF22C003DF2A3 /* WorkSans-Light.ttf */,
				2A664486265EF235003DF2A3 /* WorkSans-LightItalic.ttf */,
				2A66447A265EF223003DF2A3 /* WorkSans-Medium.ttf */,
				2A664484265EF232003DF2A3 /* WorkSans-MediumItalic.ttf */,
				2A664479265EF221003DF2A3 /* WorkSans-Regular.ttf */,
				2A664482265EF22F003DF2A3 /* WorkSans-SemiBold.ttf */,
				2A66448A265EF23B003DF2A3 /* WorkSans-SemiBoldItalic.ttf */,
				2A664485265EF234003DF2A3 /* WorkSans-Thin.ttf */,
				2A664487265EF237003DF2A3 /* WorkSans-ThinItalic.ttf */,
			);
			path = "Work Sans";
			sourceTree = "<group>";
		};
		2A81795E25951AD10076EAC0 /* TabBarClasses */ = {
			isa = PBXGroup;
			children = (
				2A81795B259519F90076EAC0 /* ExampleBouncesContentView.swift */,
				2A81795F25951ADB0076EAC0 /* ExampleBasicContentView.swift */,
			);
			path = TabBarClasses;
			sourceTree = "<group>";
		};
		2A9414E725A4EB4E000FCA1D /* OnboardingControllers */ = {
			isa = PBXGroup;
			children = (
				2A02EAC6259A811A008A34A1 /* SignUpViewController.swift */,
				2AADA716259C0AA200A4D8B1 /* LoginViewController.swift */,
				2A151199259E583400FD0081 /* IntroViewController.swift */,
				2A1511A0259E636800FD0081 /* BasicIntroViewController.swift */,
				2A71A3CE259FECBF0003975C /* SplashViewController.swift */,
				2A8DE6B025BBBF41003D1393 /* UsernameEntryViewController.swift */,
				2A5F51CF25C6428600016E76 /* PageViewController.swift */,
				2A105A2825C8C15D00271C1C /* GradeEntryViewController.swift */,
			);
			path = OnboardingControllers;
			sourceTree = "<group>";
		};
		2AADA6C8259BCF3B00A4D8B1 /* Maison Neue */ = {
			isa = PBXGroup;
			children = (
				2AADA69D259BCF1000A4D8B1 /* MaisonNeue-Black.otf */,
				2AADA6A0259BCF1A00A4D8B1 /* MaisonNeue-BlackItalic.otf */,
				2AADA6A7259BCF1A00A4D8B1 /* MaisonNeue-Bold.otf */,
				2AADA6A9259BCF1A00A4D8B1 /* MaisonNeue-BoldItalic.otf */,
				2AADA6A6259BCF1A00A4D8B1 /* MaisonNeue-Book.otf */,
				2AADA69E259BCF1A00A4D8B1 /* MaisonNeue-BookItalic.otf */,
				2AADA69F259BCF1A00A4D8B1 /* MaisonNeue-Demi.otf */,
				2AADA6AA259BCF1A00A4D8B1 /* MaisonNeue-DemiItalic.otf */,
				2AADA6A4259BCF1A00A4D8B1 /* MaisonNeue-ExtraBold.otf */,
				2AADA6A2259BCF1A00A4D8B1 /* MaisonNeue-ExtraBoldItalic.otf */,
				2AADA6AB259BCF1A00A4D8B1 /* MaisonNeue-ExtraThin.otf */,
				2AADA6AD259BCF1A00A4D8B1 /* MaisonNeue-ExtraThinItalic.otf */,
				2AADA6A5259BCF1A00A4D8B1 /* MaisonNeue-Light.otf */,
				2AADA6A1259BCF1A00A4D8B1 /* MaisonNeue-LightItalic.otf */,
				2AADA6A8259BCF1A00A4D8B1 /* MaisonNeue-Medium.otf */,
				2AADA6AE259BCF1A00A4D8B1 /* MaisonNeue-MediumItalic.otf */,
				2AADA6A3259BCF1A00A4D8B1 /* MaisonNeue-Thin.otf */,
				2AADA6AC259BCF1A00A4D8B1 /* MaisonNeue-ThinItalic.otf */,
				2AADA6BD259BCF2700A4D8B1 /* MaisonNeueExtended-Black.otf */,
				2AADA6BA259BCF2600A4D8B1 /* MaisonNeueExtended-BlackItalic.otf */,
				2AADA6B1259BCF2600A4D8B1 /* MaisonNeueExtended-Bold.otf */,
				2AADA6B8259BCF2600A4D8B1 /* MaisonNeueExtended-BoldItalic.otf */,
				2AADA6BB259BCF2600A4D8B1 /* MaisonNeueExtended-Book.otf */,
				2AADA6B9259BCF2600A4D8B1 /* MaisonNeueExtended-BookItalic.otf */,
				2AADA6B4259BCF2600A4D8B1 /* MaisonNeueExtended-Demi.otf */,
				2AADA6BC259BCF2600A4D8B1 /* MaisonNeueExtended-DemiItalic.otf */,
				2AADA6B6259BCF2600A4D8B1 /* MaisonNeueExtended-ExtraBold.otf */,
				2AADA6B2259BCF2600A4D8B1 /* MaisonNeueExtended-ExtraBoldItalic.otf */,
				2AADA6C0259BCF2700A4D8B1 /* MaisonNeueExtended-ExtraThin.otf */,
				2AADA6BE259BCF2700A4D8B1 /* MaisonNeueExtended-ExtraThinItalic.otf */,
				2AADA6B3259BCF2600A4D8B1 /* MaisonNeueExtended-Light.otf */,
				2AADA6B5259BCF2600A4D8B1 /* MaisonNeueExtended-LightItalic.otf */,
				2AADA6BF259BCF2700A4D8B1 /* MaisonNeueExtended-Medium.otf */,
				2AADA6B7259BCF2600A4D8B1 /* MaisonNeueExtended-MediumItalic.otf */,
				2AADA6C1259BCF2700A4D8B1 /* MaisonNeueExtended-Thin.otf */,
				2AADA6B0259BCF2600A4D8B1 /* MaisonNeueExtended-ThinItalic.otf */,
				2AADA6C5259BCF3100A4D8B1 /* MaisonNeueMono-Bold.otf */,
				2AADA6C4259BCF3100A4D8B1 /* MaisonNeueMono-BoldItalic.otf */,
				2AADA6C3259BCF3100A4D8B1 /* MaisonNeueMono-Italic.otf */,
				2AADA6C6259BCF3100A4D8B1 /* MaisonNeueMono-Regular.otf */,
			);
			path = "Maison Neue";
			sourceTree = "<group>";
		};
		2AADA6F7259BE92E00A4D8B1 /* Extensions */ = {
			isa = PBXGroup;
			children = (
				2AADA6F8259BE93E00A4D8B1 /* UIViewController Extension.swift */,
				2A8DE6FA25BD2B90003D1393 /* UIView Extensions.swift */,
				2A8DE6FD25BF5680003D1393 /* UIImageView Extension.swift */,
				2AB8E99625CDF632004E5E30 /* Date Extension.swift */,
				2A4440EF25DC9A1D0016D99D /* UITextView Extension.swift */,
				2A974E63263DDAFF00F9A297 /* String Extension.swift */,
			);
			path = Extensions;
			sourceTree = "<group>";
		};
		2AF8DCA6246F300400E42988 = {
			isa = PBXGroup;
			children = (
				2AF8DCB1246F300400E42988 /* Nerd */,
				2AF8DCB0246F300400E42988 /* Products */,
				E39C75B3AD08B6B8730EDB8B /* Frameworks */,
				A0AD712CE9859C54523BD2F3 /* Pods */,
			);
			sourceTree = "<group>";
		};
		2AF8DCB0246F300400E42988 /* Products */ = {
			isa = PBXGroup;
			children = (
				2AF8DCAF246F300400E42988 /* Nerd.app */,
			);
			name = Products;
			sourceTree = "<group>";
		};
		2AF8DCB1246F300400E42988 /* Nerd */ = {
			isa = PBXGroup;
			children = (
				2A664452265EEE72003DF2A3 /* Nerd.entitlements */,
				2A65A3B9247461C7008090EC /* SceneDelegate.swift */,
				2AADA6F7259BE92E00A4D8B1 /* Extensions */,
				2A281C9C24733AA8006D6BC8 /* Controller */,
				2A18BF5D25085F1B00F36C1B /* Managers */,
				2A281C9A24733A9C006D6BC8 /* Model */,
				2A65A37C24734173008090EC /* Resources */,
				2A281C9B24733AA1006D6BC8 /* View */,
				2AF8DCB2246F300400E42988 /* AppDelegate.swift */,
				2AF8DCC3246F300600E42988 /* Info.plist */,
			);
			path = Nerd;
			sourceTree = "<group>";
		};
		2AF8DCC9246F301100E42988 /* Fonts */ = {
			isa = PBXGroup;
			children = (
				2A3326A62692521400A8DA25 /* Airbnb */,
				2A66445D265EF20F003DF2A3 /* Work Sans */,
				2A664453265EF1F2003DF2A3 /* Public Sans */,
				2AADA6C8259BCF3B00A4D8B1 /* Maison Neue */,
			);
			path = Fonts;
			sourceTree = "<group>";
		};
		A0AD712CE9859C54523BD2F3 /* Pods */ = {
			isa = PBXGroup;
			children = (
				DAAD47B0BE22B696405E3A8F /* Pods-Nerd.debug.xcconfig */,
				171EFA3C5FD230BB88B4B78B /* Pods-Nerd.release.xcconfig */,
			);
			path = Pods;
			sourceTree = "<group>";
		};
		E39C75B3AD08B6B8730EDB8B /* Frameworks */ = {
			isa = PBXGroup;
			children = (
				082F67FBC013362535537FBB /* Pods_Nerd.framework */,
			);
			name = Frameworks;
			sourceTree = "<group>";
		};
/* End PBXGroup section */

/* Begin PBXNativeTarget section */
		2AF8DCAE246F300400E42988 /* Nerd */ = {
			isa = PBXNativeTarget;
			buildConfigurationList = 2AF8DCC6246F300600E42988 /* Build configuration list for PBXNativeTarget "Nerd" */;
			buildPhases = (
				D8B6426263674E99F6D195D0 /* [CP] Check Pods Manifest.lock */,
				2AC2A33C25A630580027487F /* ShellScript */,
				2AF8DCAB246F300400E42988 /* Sources */,
				2AF8DCAC246F300400E42988 /* Frameworks */,
				2AF8DCAD246F300400E42988 /* Resources */,
				1C921E619DD5924CDE5D578A /* [CP] Embed Pods Frameworks */,
				1FA4990FF96D44F3A355E185 /* [CP] Copy Pods Resources */,
			);
			buildRules = (
			);
			dependencies = (
			);
			name = Nerd;
			productName = "Study Timer";
			productReference = 2AF8DCAF246F300400E42988 /* Nerd.app */;
			productType = "com.apple.product-type.application";
		};
/* End PBXNativeTarget section */

/* Begin PBXProject section */
		2AF8DCA7246F300400E42988 /* Project object */ = {
			isa = PBXProject;
			attributes = {
				LastSwiftUpdateCheck = 1140;
				LastUpgradeCheck = 1200;
				ORGANIZATIONNAME = "Navjeeven Mann";
				TargetAttributes = {
					2AF8DCAE246F300400E42988 = {
						CreatedOnToolsVersion = 11.4.1;
					};
				};
			};
			buildConfigurationList = 2AF8DCAA246F300400E42988 /* Build configuration list for PBXProject "Nerd" */;
			compatibilityVersion = "Xcode 9.3";
			developmentRegion = en;
			hasScannedForEncodings = 0;
			knownRegions = (
				en,
				Base,
			);
			mainGroup = 2AF8DCA6246F300400E42988;
			productRefGroup = 2AF8DCB0246F300400E42988 /* Products */;
			projectDirPath = "";
			projectRoot = "";
			targets = (
				2AF8DCAE246F300400E42988 /* Nerd */,
			);
		};
/* End PBXProject section */

/* Begin PBXResourcesBuildPhase section */
		2AF8DCAD246F300400E42988 /* Resources */ = {
			isa = PBXResourcesBuildPhase;
			buildActionMask = 2147483647;
			files = (
				2AADA6DD259BCF4F00A4D8B1 /* MaisonNeue-Medium.otf in Resources */,
				2AADA6DA259BCF4F00A4D8B1 /* MaisonNeue-BoldItalic.otf in Resources */,
				2A66446C265EF21D003DF2A3 /* PublicSans-Light.ttf in Resources */,
				2A06F2A425DB2CD40058109F /* attatchmentCollectionViewCell.xib in Resources */,
				2A664498265EF23B003DF2A3 /* WorkSans-LightItalic.ttf in Resources */,
				2AADA6E5259BCF4F00A4D8B1 /* MaisonNeueExtended-ExtraThinItalic.otf in Resources */,
				2A64316A2679884A0002CDA8 /* AlertViewController.xib in Resources */,
				2AADA6E4259BCF4F00A4D8B1 /* MaisonNeueExtended-Black.otf in Resources */,
				2A3326B12692522600A8DA25 /* AirbnbCerealBlack.ttf in Resources */,
				2AADA6E3259BCF4F00A4D8B1 /* MaisonNeue-MediumItalic.otf in Resources */,
				2A664494265EF23B003DF2A3 /* WorkSans-SemiBold.ttf in Resources */,
				2A664467265EF21D003DF2A3 /* PublicSans-ExtraLight.ttf in Resources */,
				2A664491265EF23B003DF2A3 /* WorkSans-ExtraLight.ttf in Resources */,
				2AADA6EC259BCF4F00A4D8B1 /* MaisonNeueExtended-LightItalic.otf in Resources */,
				2A66448E265EF23B003DF2A3 /* WorkSans-Black.ttf in Resources */,
				2A664470265EF21D003DF2A3 /* PublicSans-ThinItalic.ttf in Resources */,
				2A664497265EF23B003DF2A3 /* WorkSans-Thin.ttf in Resources */,
				2AF8DCC2246F300600E42988 /* LaunchScreen.storyboard in Resources */,
				2A664477265EF21D003DF2A3 /* PublicSans-MediumItalic.ttf in Resources */,
				2A66446D265EF21D003DF2A3 /* PublicSans-Italic.ttf in Resources */,
				2AADA6D4259BCF4F00A4D8B1 /* MaisonNeueExtended-BookItalic.otf in Resources */,
				2A664492265EF23B003DF2A3 /* WorkSans-Light.ttf in Resources */,
				2A664475265EF21D003DF2A3 /* PublicSans-Regular.ttf in Resources */,
				2AADA6CE259BCF4F00A4D8B1 /* MaisonNeueMono-Regular.otf in Resources */,
				2A66449C265EF23B003DF2A3 /* WorkSans-SemiBoldItalic.ttf in Resources */,
				2AADA6D9259BCF4F00A4D8B1 /* MaisonNeueExtended-ExtraThin.otf in Resources */,
				2AF8DCBF246F300600E42988 /* Assets.xcassets in Resources */,
				2AADA6D3259BCF4F00A4D8B1 /* MaisonNeueExtended-Bold.otf in Resources */,
				2AADA6CA259BCF4F00A4D8B1 /* MaisonNeue-ThinItalic.otf in Resources */,
				2A664493265EF23B003DF2A3 /* WorkSans-Bold.ttf in Resources */,
				2AADA6DC259BCF4F00A4D8B1 /* MaisonNeue-LightItalic.otf in Resources */,
				2AADA6E8259BCF4F00A4D8B1 /* MaisonNeueExtended-ThinItalic.otf in Resources */,
				2A664499265EF23B003DF2A3 /* WorkSans-ThinItalic.ttf in Resources */,
				2A66448C265EF23B003DF2A3 /* WorkSans-Medium.ttf in Resources */,
				2A664495265EF23B003DF2A3 /* WorkSans-ExtraBold.ttf in Resources */,
				2A1511A3259E636800FD0081 /* BasicIntroViewController.xib in Resources */,
				2A66448D265EF23B003DF2A3 /* WorkSans-ExtraBoldItalic.ttf in Resources */,
				2AADA6E6259BCF4F00A4D8B1 /* MaisonNeueExtended-BoldItalic.otf in Resources */,
				2A664473265EF21D003DF2A3 /* PublicSans-ExtraBoldItalic.ttf in Resources */,
				2AADA6D5259BCF4F00A4D8B1 /* MaisonNeue-ExtraThinItalic.otf in Resources */,
				2AADA6C9259BCF4F00A4D8B1 /* MaisonNeueExtended-ExtraBold.otf in Resources */,
				2A66449A265EF23B003DF2A3 /* WorkSans-Italic.ttf in Resources */,
				2AADA6E0259BCF4F00A4D8B1 /* MaisonNeue-Bold.otf in Resources */,
				2AADA6F0259BCF4F00A4D8B1 /* MaisonNeueExtended-MediumItalic.otf in Resources */,
				2A66446E265EF21D003DF2A3 /* PublicSans-BoldItalic.ttf in Resources */,
				2A664476265EF21D003DF2A3 /* PublicSans-Bold.ttf in Resources */,
				2AADA6ED259BCF4F00A4D8B1 /* MaisonNeueExtended-Medium.otf in Resources */,
				2AADA6D0259BCF4F00A4D8B1 /* MaisonNeue-ExtraBoldItalic.otf in Resources */,
				2A712C49267920370062EC5F /* logoAnimationView.xib in Resources */,
				2A3326B02692522600A8DA25 /* AirbnbCerealBold.ttf in Resources */,
				2AADA6EE259BCF4F00A4D8B1 /* MaisonNeueMono-BoldItalic.otf in Resources */,
				2A3326AF2692522600A8DA25 /* AirbnbCerealMedium.ttf in Resources */,
				2A66449B265EF23B003DF2A3 /* WorkSans-BlackItalic.ttf in Resources */,
				2AADA6EA259BCF4F00A4D8B1 /* MaisonNeue-Black.otf in Resources */,
				2AADA6D7259BCF4F00A4D8B1 /* MaisonNeue-Book.otf in Resources */,
				2AADA6CF259BCF4F00A4D8B1 /* MaisonNeue-DemiItalic.otf in Resources */,
				2A664469265EF21D003DF2A3 /* PublicSans-SemiBoldItalic.ttf in Resources */,
				2ACDA71F26446B4B00C419B9 /* NativeAdCell.xib in Resources */,
				2A664474265EF21D003DF2A3 /* PublicSans-ExtraLightItalic.ttf in Resources */,
				2AADA6DF259BCF4F00A4D8B1 /* MaisonNeueExtended-Light.otf in Resources */,
				2A664468265EF21D003DF2A3 /* PublicSans-Medium.ttf in Resources */,
				2A71C0C0269F715800237FF6 /* categoryCell.xib in Resources */,
				2AA10954265451B600BF20F1 /* TimerSettingTableViewCell.xib in Resources */,
				2AADA6DE259BCF4F00A4D8B1 /* MaisonNeueExtended-Demi.otf in Resources */,
				2AF8DCBA246F300400E42988 /* Main.storyboard in Resources */,
				2AF0A8B325D8B0A300B97EF3 /* QuestionCell.xib in Resources */,
				2A3326AE2692522600A8DA25 /* AirbnbCerealLight.ttf in Resources */,
				2AADA6D1259BCF4F00A4D8B1 /* MaisonNeue-Demi.otf in Resources */,
				2A3326B22692522600A8DA25 /* AirbnbCerealBook.ttf in Resources */,
				2AADA6CC259BCF4F00A4D8B1 /* MaisonNeueExtended-DemiItalic.otf in Resources */,
				2AC7587B265F14AD003B40CC /* GoogleService-Info.plist in Resources */,
				2A64187526616CDA005FF878 /* AnswerCell.xib in Resources */,
				2A068F1225A33CC6005EBAB6 /* MenuVideo.mp4 in Resources */,
				2AADA6DB259BCF4F00A4D8B1 /* MaisonNeueExtended-ExtraBoldItalic.otf in Resources */,
				2AADA6EB259BCF4F00A4D8B1 /* MaisonNeueExtended-BlackItalic.otf in Resources */,
				2A66446B265EF21D003DF2A3 /* PublicSans-ExtraBold.ttf in Resources */,
				2A664472265EF21D003DF2A3 /* PublicSans-SemiBold.ttf in Resources */,
				2AADA6CD259BCF4F00A4D8B1 /* MaisonNeue-BlackItalic.otf in Resources */,
				2A3326AD2692522600A8DA25 /* AirbnbCerealExtraBold.ttf in Resources */,
				2AADA6E2259BCF4F00A4D8B1 /* MaisonNeueMono-Bold.otf in Resources */,
				2AADA6EF259BCF4F00A4D8B1 /* MaisonNeue-ExtraBold.otf in Resources */,
				2A664496265EF23B003DF2A3 /* WorkSans-MediumItalic.ttf in Resources */,
				2AADA6D8259BCF4F00A4D8B1 /* MaisonNeue-ExtraThin.otf in Resources */,
				2AADA6D6259BCF4F00A4D8B1 /* MaisonNeue-Light.otf in Resources */,
				2AADA6E7259BCF4F00A4D8B1 /* MaisonNeueExtended-Book.otf in Resources */,
				2AADA6CB259BCF4F00A4D8B1 /* MaisonNeueExtended-Thin.otf in Resources */,
				2A66446A265EF21D003DF2A3 /* PublicSans-Thin.ttf in Resources */,
				2A664490265EF23B003DF2A3 /* WorkSans-ExtraLightItalic.ttf in Resources */,
				2AADA6E1259BCF4F00A4D8B1 /* MaisonNeueMono-Italic.otf in Resources */,
				2A664471265EF21D003DF2A3 /* PublicSans-Black.ttf in Resources */,
				2A3B03D52684EC890059756A /* RegisterRequestView.xib in Resources */,
				2AADA6E9259BCF4F00A4D8B1 /* MaisonNeue-BookItalic.otf in Resources */,
				2A664478265EF21D003DF2A3 /* PublicSans-LightItalic.ttf in Resources */,
				2AA109582656EDA000BF20F1 /* TimerColorCell.xib in Resources */,
				2AADA6D2259BCF4F00A4D8B1 /* MaisonNeue-Thin.otf in Resources */,
				2A66446F265EF21D003DF2A3 /* PublicSans-BlackItalic.ttf in Resources */,
				2A66448F265EF23B003DF2A3 /* WorkSans-BoldItalic.ttf in Resources */,
				2A66448B265EF23B003DF2A3 /* WorkSans-Regular.ttf in Resources */,
			);
			runOnlyForDeploymentPostprocessing = 0;
		};
/* End PBXResourcesBuildPhase section */

/* Begin PBXShellScriptBuildPhase section */
		1C921E619DD5924CDE5D578A /* [CP] Embed Pods Frameworks */ = {
			isa = PBXShellScriptBuildPhase;
			buildActionMask = 2147483647;
			files = (
			);
			inputFileListPaths = (
				"${PODS_ROOT}/Target Support Files/Pods-Nerd/Pods-Nerd-frameworks-${CONFIGURATION}-input-files.xcfilelist",
			);
			name = "[CP] Embed Pods Frameworks";
			outputFileListPaths = (
				"${PODS_ROOT}/Target Support Files/Pods-Nerd/Pods-Nerd-frameworks-${CONFIGURATION}-output-files.xcfilelist",
			);
			runOnlyForDeploymentPostprocessing = 0;
			shellPath = /bin/sh;
			shellScript = "\"${PODS_ROOT}/Target Support Files/Pods-Nerd/Pods-Nerd-frameworks.sh\"\n";
			showEnvVarsInLog = 0;
		};
		1FA4990FF96D44F3A355E185 /* [CP] Copy Pods Resources */ = {
			isa = PBXShellScriptBuildPhase;
			buildActionMask = 2147483647;
			files = (
			);
			inputFileListPaths = (
				"${PODS_ROOT}/Target Support Files/Pods-Nerd/Pods-Nerd-resources-${CONFIGURATION}-input-files.xcfilelist",
			);
			name = "[CP] Copy Pods Resources";
			outputFileListPaths = (
				"${PODS_ROOT}/Target Support Files/Pods-Nerd/Pods-Nerd-resources-${CONFIGURATION}-output-files.xcfilelist",
			);
			runOnlyForDeploymentPostprocessing = 0;
			shellPath = /bin/sh;
			shellScript = "\"${PODS_ROOT}/Target Support Files/Pods-Nerd/Pods-Nerd-resources.sh\"\n";
			showEnvVarsInLog = 0;
		};
		2AC2A33C25A630580027487F /* ShellScript */ = {
			isa = PBXShellScriptBuildPhase;
			buildActionMask = 2147483647;
			files = (
			);
			inputFileListPaths = (
			);
			inputPaths = (
			);
			outputFileListPaths = (
			);
			outputPaths = (
			);
			runOnlyForDeploymentPostprocessing = 0;
			shellPath = /bin/sh;
			shellScript = "if which \"${PODS_ROOT}/SwiftLint/swiftlint\" >/dev/null; then\n  ${PODS_ROOT}/SwiftLint/swiftlint autocorrect\nelse\n  echo \"warning: SwiftLint not installed, download from https://github.com/realm/SwiftLint\"\nfi\n";
		};
		D8B6426263674E99F6D195D0 /* [CP] Check Pods Manifest.lock */ = {
			isa = PBXShellScriptBuildPhase;
			buildActionMask = 2147483647;
			files = (
			);
			inputFileListPaths = (
			);
			inputPaths = (
				"${PODS_PODFILE_DIR_PATH}/Podfile.lock",
				"${PODS_ROOT}/Manifest.lock",
			);
			name = "[CP] Check Pods Manifest.lock";
			outputFileListPaths = (
			);
			outputPaths = (
				"$(DERIVED_FILE_DIR)/Pods-Nerd-checkManifestLockResult.txt",
			);
			runOnlyForDeploymentPostprocessing = 0;
			shellPath = /bin/sh;
			shellScript = "diff \"${PODS_PODFILE_DIR_PATH}/Podfile.lock\" \"${PODS_ROOT}/Manifest.lock\" > /dev/null\nif [ $? != 0 ] ; then\n    # print error to STDERR\n    echo \"error: The sandbox is not in sync with the Podfile.lock. Run 'pod install' or update your CocoaPods installation.\" >&2\n    exit 1\nfi\n# This output is used by Xcode 'outputs' to avoid re-running this script phase.\necho \"SUCCESS\" > \"${SCRIPT_OUTPUT_FILE_0}\"\n";
			showEnvVarsInLog = 0;
		};
/* End PBXShellScriptBuildPhase section */

/* Begin PBXSourcesBuildPhase section */
		2AF8DCAB246F300400E42988 /* Sources */ = {
			isa = PBXSourcesBuildPhase;
			buildActionMask = 2147483647;
			files = (
				2ACDA72126446B8B00C419B9 /* NativeAdCell.swift in Sources */,
				2A18BF5725085DD200F36C1B /* NotificationController.swift in Sources */,
				2A75C804265AC93700D80E8E /* UserQuestionViewController.swift in Sources */,
				2A64186F26615776005FF878 /* Answer.swift in Sources */,
				2A00C1D92479C83F0002B5C1 /* Pomodoro.swift in Sources */,
				2A4440ED25DC8EF80016D99D /* Question.swift in Sources */,
				2AF0A8B225D8B0A300B97EF3 /* QuestionCell.swift in Sources */,
				2AF8DCB3246F300400E42988 /* AppDelegate.swift in Sources */,
				2A8DE6AA25BB9502003D1393 /* DatabaseManager.swift in Sources */,
				2A18BF5825085DD200F36C1B /* TimerViewController.swift in Sources */,
				2A8DE6FE25BF5680003D1393 /* UIImageView Extension.swift in Sources */,
				2AA10953265451B600BF20F1 /* TimerSettingTableViewCell.swift in Sources */,
				2A8DE6B125BBBF41003D1393 /* UsernameEntryViewController.swift in Sources */,
				2AADA69B259BBE4A00A4D8B1 /* LoginHandler.swift in Sources */,
				2ABC00C42593E80300D31690 /* ForumViewController.swift in Sources */,
				2A712C6F267985B80062EC5F /* AlertPresentationController.swift in Sources */,
				2A1511A2259E636800FD0081 /* BasicIntroViewController.swift in Sources */,
				2A539FD925964E9800BB608C /* UserViewController.swift in Sources */,
				2AA109572656EDA000BF20F1 /* TimerColorCell.swift in Sources */,
				2A18BF5F25085F2900F36C1B /* AdManager.swift in Sources */,
				2A64187426616CDA005FF878 /* AnswerCell.swift in Sources */,
				2A105A2925C8C15D00271C1C /* GradeEntryViewController.swift in Sources */,
				2A15119A259E583400FD0081 /* IntroViewController.swift in Sources */,
				2A974E64263DDAFF00F9A297 /* String Extension.swift in Sources */,
				2A712C4B2679238D0062EC5F /* logoAnimationView.swift in Sources */,
				2A5F51D025C6428600016E76 /* PageViewController.swift in Sources */,
				2A02EAC7259A811A008A34A1 /* SignUpViewController.swift in Sources */,
				2A06F2A325DB2CD40058109F /* attatchmentCollectionViewCell.swift in Sources */,
				2AADA6F9259BE93E00A4D8B1 /* UIViewController Extension.swift in Sources */,
				2AEFB5CF26A0CAE3001511D9 /* categoryView.swift in Sources */,
				2A65A3BA247461C7008090EC /* SceneDelegate.swift in Sources */,
				2A8DE6FB25BD2B90003D1393 /* UIView Extensions.swift in Sources */,
				2A287202266ADD690083FCCD /* QuestionPageViewController.swift in Sources */,
				2A18BF5425085DBC00F36C1B /* User.swift in Sources */,
				2AA1095026544A0100BF20F1 /* TimerSettingTableViewController.swift in Sources */,
				2AADA717259C0AA200A4D8B1 /* LoginViewController.swift in Sources */,
				2A81796025951ADB0076EAC0 /* ExampleBasicContentView.swift in Sources */,
				2A06F26925DB25F30058109F /* QuestionFormViewController.swift in Sources */,
				2A81795C259519F90076EAC0 /* ExampleBouncesContentView.swift in Sources */,
				2A4440F025DC9A1D0016D99D /* UITextView Extension.swift in Sources */,
				2A71A3CF259FECBF0003975C /* SplashViewController.swift in Sources */,
				2A94157825A51497000FCA1D /* PopupView.swift in Sources */,
				2AB8E99725CDF632004E5E30 /* Date Extension.swift in Sources */,
				2ADBD60925BF6AEF0007EC64 /* Constants.swift in Sources */,
				2A6431692679884A0002CDA8 /* AlertViewController.swift in Sources */,
				2A3B03D42684EC890059756A /* RegisterRequestView.swift in Sources */,
				2A06F2A725DB38C90058109F /* Attatchment.swift in Sources */,
				2A71C0BF269F715800237FF6 /* categoryCell.swift in Sources */,
				2A327F73266024E200246A85 /* AnswerViewController.swift in Sources */,
			);
			runOnlyForDeploymentPostprocessing = 0;
		};
/* End PBXSourcesBuildPhase section */

/* Begin PBXVariantGroup section */
		2AF8DCB8246F300400E42988 /* Main.storyboard */ = {
			isa = PBXVariantGroup;
			children = (
				2AF8DCB9246F300400E42988 /* Base */,
			);
			name = Main.storyboard;
			sourceTree = "<group>";
		};
		2AF8DCC0246F300600E42988 /* LaunchScreen.storyboard */ = {
			isa = PBXVariantGroup;
			children = (
				2AF8DCC1246F300600E42988 /* Base */,
			);
			name = LaunchScreen.storyboard;
			sourceTree = "<group>";
		};
/* End PBXVariantGroup section */

/* Begin XCBuildConfiguration section */
		2AF8DCC4246F300600E42988 /* Debug */ = {
			isa = XCBuildConfiguration;
			buildSettings = {
				ALWAYS_SEARCH_USER_PATHS = NO;
				CLANG_ANALYZER_NONNULL = YES;
				CLANG_ANALYZER_NUMBER_OBJECT_CONVERSION = YES_AGGRESSIVE;
				CLANG_CXX_LANGUAGE_STANDARD = "gnu++14";
				CLANG_CXX_LIBRARY = "libc++";
				CLANG_ENABLE_MODULES = YES;
				CLANG_ENABLE_OBJC_ARC = YES;
				CLANG_ENABLE_OBJC_WEAK = YES;
				CLANG_WARN_BLOCK_CAPTURE_AUTORELEASING = YES;
				CLANG_WARN_BOOL_CONVERSION = YES;
				CLANG_WARN_COMMA = YES;
				CLANG_WARN_CONSTANT_CONVERSION = YES;
				CLANG_WARN_DEPRECATED_OBJC_IMPLEMENTATIONS = YES;
				CLANG_WARN_DIRECT_OBJC_ISA_USAGE = YES_ERROR;
				CLANG_WARN_DOCUMENTATION_COMMENTS = YES;
				CLANG_WARN_EMPTY_BODY = YES;
				CLANG_WARN_ENUM_CONVERSION = YES;
				CLANG_WARN_INFINITE_RECURSION = YES;
				CLANG_WARN_INT_CONVERSION = YES;
				CLANG_WARN_NON_LITERAL_NULL_CONVERSION = YES;
				CLANG_WARN_OBJC_IMPLICIT_RETAIN_SELF = YES;
				CLANG_WARN_OBJC_LITERAL_CONVERSION = YES;
				CLANG_WARN_OBJC_ROOT_CLASS = YES_ERROR;
				CLANG_WARN_QUOTED_INCLUDE_IN_FRAMEWORK_HEADER = YES;
				CLANG_WARN_RANGE_LOOP_ANALYSIS = YES;
				CLANG_WARN_STRICT_PROTOTYPES = YES;
				CLANG_WARN_SUSPICIOUS_MOVE = YES;
				CLANG_WARN_UNGUARDED_AVAILABILITY = YES_AGGRESSIVE;
				CLANG_WARN_UNREACHABLE_CODE = YES;
				CLANG_WARN__DUPLICATE_METHOD_MATCH = YES;
				COPY_PHASE_STRIP = NO;
				DEBUG_INFORMATION_FORMAT = dwarf;
				ENABLE_STRICT_OBJC_MSGSEND = YES;
				ENABLE_TESTABILITY = YES;
				GCC_C_LANGUAGE_STANDARD = gnu11;
				GCC_DYNAMIC_NO_PIC = NO;
				GCC_NO_COMMON_BLOCKS = YES;
				GCC_OPTIMIZATION_LEVEL = 0;
				GCC_PREPROCESSOR_DEFINITIONS = (
					"DEBUG=1",
					"$(inherited)",
				);
				GCC_WARN_64_TO_32_BIT_CONVERSION = YES;
				GCC_WARN_ABOUT_RETURN_TYPE = YES_ERROR;
				GCC_WARN_UNDECLARED_SELECTOR = YES;
				GCC_WARN_UNINITIALIZED_AUTOS = YES_AGGRESSIVE;
				GCC_WARN_UNUSED_FUNCTION = YES;
				GCC_WARN_UNUSED_VARIABLE = YES;
				IPHONEOS_DEPLOYMENT_TARGET = 13.2;
				MTL_ENABLE_DEBUG_INFO = INCLUDE_SOURCE;
				MTL_FAST_MATH = YES;
				ONLY_ACTIVE_ARCH = YES;
				SDKROOT = iphoneos;
				SWIFT_ACTIVE_COMPILATION_CONDITIONS = DEBUG;
				SWIFT_OPTIMIZATION_LEVEL = "-Onone";
			};
			name = Debug;
		};
		2AF8DCC5246F300600E42988 /* Release */ = {
			isa = XCBuildConfiguration;
			buildSettings = {
				ALWAYS_SEARCH_USER_PATHS = NO;
				CLANG_ANALYZER_NONNULL = YES;
				CLANG_ANALYZER_NUMBER_OBJECT_CONVERSION = YES_AGGRESSIVE;
				CLANG_CXX_LANGUAGE_STANDARD = "gnu++14";
				CLANG_CXX_LIBRARY = "libc++";
				CLANG_ENABLE_MODULES = YES;
				CLANG_ENABLE_OBJC_ARC = YES;
				CLANG_ENABLE_OBJC_WEAK = YES;
				CLANG_WARN_BLOCK_CAPTURE_AUTORELEASING = YES;
				CLANG_WARN_BOOL_CONVERSION = YES;
				CLANG_WARN_COMMA = YES;
				CLANG_WARN_CONSTANT_CONVERSION = YES;
				CLANG_WARN_DEPRECATED_OBJC_IMPLEMENTATIONS = YES;
				CLANG_WARN_DIRECT_OBJC_ISA_USAGE = YES_ERROR;
				CLANG_WARN_DOCUMENTATION_COMMENTS = YES;
				CLANG_WARN_EMPTY_BODY = YES;
				CLANG_WARN_ENUM_CONVERSION = YES;
				CLANG_WARN_INFINITE_RECURSION = YES;
				CLANG_WARN_INT_CONVERSION = YES;
				CLANG_WARN_NON_LITERAL_NULL_CONVERSION = YES;
				CLANG_WARN_OBJC_IMPLICIT_RETAIN_SELF = YES;
				CLANG_WARN_OBJC_LITERAL_CONVERSION = YES;
				CLANG_WARN_OBJC_ROOT_CLASS = YES_ERROR;
				CLANG_WARN_QUOTED_INCLUDE_IN_FRAMEWORK_HEADER = YES;
				CLANG_WARN_RANGE_LOOP_ANALYSIS = YES;
				CLANG_WARN_STRICT_PROTOTYPES = YES;
				CLANG_WARN_SUSPICIOUS_MOVE = YES;
				CLANG_WARN_UNGUARDED_AVAILABILITY = YES_AGGRESSIVE;
				CLANG_WARN_UNREACHABLE_CODE = YES;
				CLANG_WARN__DUPLICATE_METHOD_MATCH = YES;
				COPY_PHASE_STRIP = NO;
				DEBUG_INFORMATION_FORMAT = "dwarf-with-dsym";
				ENABLE_NS_ASSERTIONS = NO;
				ENABLE_STRICT_OBJC_MSGSEND = YES;
				GCC_C_LANGUAGE_STANDARD = gnu11;
				GCC_NO_COMMON_BLOCKS = YES;
				GCC_WARN_64_TO_32_BIT_CONVERSION = YES;
				GCC_WARN_ABOUT_RETURN_TYPE = YES_ERROR;
				GCC_WARN_UNDECLARED_SELECTOR = YES;
				GCC_WARN_UNINITIALIZED_AUTOS = YES_AGGRESSIVE;
				GCC_WARN_UNUSED_FUNCTION = YES;
				GCC_WARN_UNUSED_VARIABLE = YES;
				IPHONEOS_DEPLOYMENT_TARGET = 13.2;
				MTL_ENABLE_DEBUG_INFO = NO;
				MTL_FAST_MATH = YES;
				ONLY_ACTIVE_ARCH = YES;
				SDKROOT = iphoneos;
				SWIFT_COMPILATION_MODE = wholemodule;
				SWIFT_OPTIMIZATION_LEVEL = "-O";
				VALIDATE_PRODUCT = YES;
			};
			name = Release;
		};
		2AF8DCC7246F300600E42988 /* Debug */ = {
			isa = XCBuildConfiguration;
			baseConfigurationReference = DAAD47B0BE22B696405E3A8F /* Pods-Nerd.debug.xcconfig */;
			buildSettings = {
				ASSETCATALOG_COMPILER_APPICON_NAME = AppIcon;
				CODE_SIGN_ENTITLEMENTS = Nerd/Nerd.entitlements;
				"CODE_SIGN_IDENTITY[sdk=macosx*]" = "Apple Development";
				CODE_SIGN_STYLE = Automatic;
				CURRENT_PROJECT_VERSION = 2;
				DEVELOPMENT_TEAM = "";
				"EXCLUDED_ARCHS[sdk=iphonesimulator*]" = arm64;
				INFOPLIST_FILE = Nerd/Info.plist;
				IPHONEOS_DEPLOYMENT_TARGET = 14.0;
				LD_RUNPATH_SEARCH_PATHS = (
					"$(inherited)",
					"@executable_path/Frameworks",
				);
				MARKETING_VERSION = 1.0.1;
				PRODUCT_BUNDLE_IDENTIFIER = "";
				PRODUCT_NAME = "$(TARGET_NAME)";
				SUPPORTS_MACCATALYST = NO;
				SWIFT_VERSION = 5.0;
				TARGETED_DEVICE_FAMILY = "1,2";
			};
			name = Debug;
		};
		2AF8DCC8246F300600E42988 /* Release */ = {
			isa = XCBuildConfiguration;
			baseConfigurationReference = 171EFA3C5FD230BB88B4B78B /* Pods-Nerd.release.xcconfig */;
			buildSettings = {
				ASSETCATALOG_COMPILER_APPICON_NAME = AppIcon;
				CODE_SIGN_ENTITLEMENTS = Nerd/Nerd.entitlements;
				"CODE_SIGN_IDENTITY[sdk=macosx*]" = "Apple Development";
				CODE_SIGN_STYLE = Automatic;
				CURRENT_PROJECT_VERSION = 2;
				DEVELOPMENT_TEAM = "";
				"EXCLUDED_ARCHS[sdk=iphonesimulator*]" = arm64;
				INFOPLIST_FILE = Nerd/Info.plist;
				IPHONEOS_DEPLOYMENT_TARGET = 14.0;
				LD_RUNPATH_SEARCH_PATHS = (
					"$(inherited)",
					"@executable_path/Frameworks",
				);
				MARKETING_VERSION = 1.0.1;
				ONLY_ACTIVE_ARCH = YES;
				PRODUCT_BUNDLE_IDENTIFIER = "";
				PRODUCT_NAME = "$(TARGET_NAME)";
				SUPPORTS_MACCATALYST = NO;
				SWIFT_VERSION = 5.0;
				TARGETED_DEVICE_FAMILY = "1,2";
			};
			name = Release;
		};
/* End XCBuildConfiguration section */

/* Begin XCConfigurationList section */
		2AF8DCAA246F300400E42988 /* Build configuration list for PBXProject "Nerd" */ = {
			isa = XCConfigurationList;
			buildConfigurations = (
				2AF8DCC4246F300600E42988 /* Debug */,
				2AF8DCC5246F300600E42988 /* Release */,
			);
			defaultConfigurationIsVisible = 0;
			defaultConfigurationName = Release;
		};
		2AF8DCC6246F300600E42988 /* Build configuration list for PBXNativeTarget "Nerd" */ = {
			isa = XCConfigurationList;
			buildConfigurations = (
				2AF8DCC7246F300600E42988 /* Debug */,
				2AF8DCC8246F300600E42988 /* Release */,
			);
			defaultConfigurationIsVisible = 0;
			defaultConfigurationName = Release;
		};
/* End XCConfigurationList section */
	};
	rootObject = 2AF8DCA7246F300400E42988 /* Project object */;
}
